// !$*UTF8*$!
{
	archiveVersion = 1;
	classes = {
	};
	objectVersion = 56;
	objects = {

/* Begin PBXBuildFile section */
		6101A6F329996B5F00DC5FC5 /* PomoStepper.swift in Sources */ = {isa = PBXBuildFile; fileRef = 6101A6F229996B5F00DC5FC5 /* PomoStepper.swift */; };
		6101A6F529998C4A00DC5FC5 /* EndTimerHandler.swift in Sources */ = {isa = PBXBuildFile; fileRef = 6101A6F429998C4A00DC5FC5 /* EndTimerHandler.swift */; };
		6101A6F729998C4A00DC5FC5 /* EndTimerHandler.swift in Sources */ = {isa = PBXBuildFile; fileRef = 6101A6F429998C4A00DC5FC5 /* EndTimerHandler.swift */; };
		611A3CA529076BEF00B7AFD3 /* ProgressBar.swift in Sources */ = {isa = PBXBuildFile; fileRef = 611A3CA429076BEF00B7AFD3 /* ProgressBar.swift */; };
		611AE62E2903A9AF00FA24F0 /* ButtonCluster.swift in Sources */ = {isa = PBXBuildFile; fileRef = 611AE62D2903A9AF00FA24F0 /* ButtonCluster.swift */; };
		612B9088285CC863003F1990 /* TimeInterval+formatter.swift in Sources */ = {isa = PBXBuildFile; fileRef = 612B9087285CC863003F1990 /* TimeInterval+formatter.swift */; };
		612B908A285CD2E4003F1990 /* Color+hex.swift in Sources */ = {isa = PBXBuildFile; fileRef = 612B9089285CD2E4003F1990 /* Color+hex.swift */; };
		612D8F82290B63180089CDD1 /* WidgetKit.framework in Frameworks */ = {isa = PBXBuildFile; fileRef = 612D8F81290B63180089CDD1 /* WidgetKit.framework */; };
		612D8F84290B63180089CDD1 /* SwiftUI.framework in Frameworks */ = {isa = PBXBuildFile; fileRef = 612D8F83290B63180089CDD1 /* SwiftUI.framework */; };
		612D8F87290B63180089CDD1 /* WatchWidget.swift in Sources */ = {isa = PBXBuildFile; fileRef = 612D8F86290B63180089CDD1 /* WatchWidget.swift */; };
		612D8F8A290B63190089CDD1 /* Assets.xcassets in Resources */ = {isa = PBXBuildFile; fileRef = 612D8F89290B63190089CDD1 /* Assets.xcassets */; };
		612D8F8C290B63190089CDD1 /* WatchWidget.intentdefinition in Sources */ = {isa = PBXBuildFile; fileRef = 612D8F88290B63180089CDD1 /* WatchWidget.intentdefinition */; };
		612D8F8D290B63190089CDD1 /* WatchWidget.intentdefinition in Sources */ = {isa = PBXBuildFile; fileRef = 612D8F88290B63180089CDD1 /* WatchWidget.intentdefinition */; };
		612D8F90290B63190089CDD1 /* WatchWidgetExtension.appex in Embed Foundation Extensions */ = {isa = PBXBuildFile; fileRef = 612D8F7F290B63180089CDD1 /* WatchWidgetExtension.appex */; settings = {ATTRIBUTES = (RemoveHeadersOnCopy, ); }; };
		612D8F95290B67E50089CDD1 /* PomoTimer.swift in Sources */ = {isa = PBXBuildFile; fileRef = 619255B02901F4CB00D399B8 /* PomoTimer.swift */; };
		612D8F96290B67E80089CDD1 /* SequenceTimer.swift in Sources */ = {isa = PBXBuildFile; fileRef = 613D6D9B285C82FD0020C194 /* SequenceTimer.swift */; };
		612D8F97290B67EB0089CDD1 /* PomoTime.swift in Sources */ = {isa = PBXBuildFile; fileRef = 619255B3290204AB00D399B8 /* PomoTime.swift */; };
		6131C0A52911F38300D1E6F1 /* WalkAnimation.swift in Sources */ = {isa = PBXBuildFile; fileRef = 6131C0A22911EEA100D1E6F1 /* WalkAnimation.swift */; };
		6131C0AA2911F6E200D1E6F1 /* BuddyView.swift in Sources */ = {isa = PBXBuildFile; fileRef = 6131C0A92911F6E200D1E6F1 /* BuddyView.swift */; };
		6131C0AB2911F6E200D1E6F1 /* BuddyView.swift in Sources */ = {isa = PBXBuildFile; fileRef = 6131C0A92911F6E200D1E6F1 /* BuddyView.swift */; };
		6131C0AC291200EE00D1E6F1 /* WalkAnimation.swift in Sources */ = {isa = PBXBuildFile; fileRef = 6131C0A22911EEA100D1E6F1 /* WalkAnimation.swift */; };
		6131C0AE291204C300D1E6F1 /* AnimatedImage.swift in Sources */ = {isa = PBXBuildFile; fileRef = 6131C0AD291204C300D1E6F1 /* AnimatedImage.swift */; };
		6131C0AF291204C300D1E6F1 /* AnimatedImage.swift in Sources */ = {isa = PBXBuildFile; fileRef = 6131C0AD291204C300D1E6F1 /* AnimatedImage.swift */; };
		6131C0B129120DC900D1E6F1 /* SitAnimation.swift in Sources */ = {isa = PBXBuildFile; fileRef = 6131C0B029120DC900D1E6F1 /* SitAnimation.swift */; };
		6131C0B229120DC900D1E6F1 /* SitAnimation.swift in Sources */ = {isa = PBXBuildFile; fileRef = 6131C0B029120DC900D1E6F1 /* SitAnimation.swift */; };
		6139AE4F290C643B00C5CB19 /* MainPage.swift in Sources */ = {isa = PBXBuildFile; fileRef = 6139AE4E290C643B00C5CB19 /* MainPage.swift */; };
		6139AE51290C64D000C5CB19 /* ChangerPage.swift in Sources */ = {isa = PBXBuildFile; fileRef = 6139AE50290C64D000C5CB19 /* ChangerPage.swift */; };
		613D6D9C285C82FD0020C194 /* SequenceTimer.swift in Sources */ = {isa = PBXBuildFile; fileRef = 613D6D9B285C82FD0020C194 /* SequenceTimer.swift */; };
		613D6D9E285C85FE0020C194 /* SequenceTimerTests.swift in Sources */ = {isa = PBXBuildFile; fileRef = 613D6D9D285C85FE0020C194 /* SequenceTimerTests.swift */; };
		613D6D9F285C890F0020C194 /* SequenceTimer.swift in Sources */ = {isa = PBXBuildFile; fileRef = 613D6D9B285C82FD0020C194 /* SequenceTimer.swift */; };
		614A86C3290A4B74008DFA26 /* PomoTimerTests.swift in Sources */ = {isa = PBXBuildFile; fileRef = 614A86C2290A4B74008DFA26 /* PomoTimerTests.swift */; };
		614A86C5290A4E1E008DFA26 /* PomoTimeTests.swift in Sources */ = {isa = PBXBuildFile; fileRef = 614A86C4290A4E1E008DFA26 /* PomoTimeTests.swift */; };
		614DA2A72997BE3C00EFC91C /* PopStyle.swift in Sources */ = {isa = PBXBuildFile; fileRef = 614DA2A62997BE3C00EFC91C /* PopStyle.swift */; };
		614DA2A92997BE3C00EFC91C /* PopStyle.swift in Sources */ = {isa = PBXBuildFile; fileRef = 614DA2A62997BE3C00EFC91C /* PopStyle.swift */; };
		614DA2AA2997BE3C00EFC91C /* PopStyle.swift in Sources */ = {isa = PBXBuildFile; fileRef = 614DA2A62997BE3C00EFC91C /* PopStyle.swift */; };
		614DA2AC2997BE3C00EFC91C /* PopStyle.swift in Sources */ = {isa = PBXBuildFile; fileRef = 614DA2A62997BE3C00EFC91C /* PopStyle.swift */; };
		614DA2B02997BE6C00EFC91C /* Color+isDark.swift in Sources */ = {isa = PBXBuildFile; fileRef = 614DA2AF2997BE6C00EFC91C /* Color+isDark.swift */; };
		614DA2B12997BE6C00EFC91C /* Color+isDark.swift in Sources */ = {isa = PBXBuildFile; fileRef = 614DA2AF2997BE6C00EFC91C /* Color+isDark.swift */; };
		614DA2B22997BE6C00EFC91C /* Color+isDark.swift in Sources */ = {isa = PBXBuildFile; fileRef = 614DA2AF2997BE6C00EFC91C /* Color+isDark.swift */; };
		614DA2B32997BE6C00EFC91C /* Color+isDark.swift in Sources */ = {isa = PBXBuildFile; fileRef = 614DA2AF2997BE6C00EFC91C /* Color+isDark.swift */; };
		614DA2B42997BE6C00EFC91C /* Color+isDark.swift in Sources */ = {isa = PBXBuildFile; fileRef = 614DA2AF2997BE6C00EFC91C /* Color+isDark.swift */; };
		614DA2B52997BE6C00EFC91C /* Color+isDark.swift in Sources */ = {isa = PBXBuildFile; fileRef = 614DA2AF2997BE6C00EFC91C /* Color+isDark.swift */; };
		614DA2B62997BE6C00EFC91C /* Color+isDark.swift in Sources */ = {isa = PBXBuildFile; fileRef = 614DA2AF2997BE6C00EFC91C /* Color+isDark.swift */; };
		614DA2B72997BE6C00EFC91C /* Color+isDark.swift in Sources */ = {isa = PBXBuildFile; fileRef = 614DA2AF2997BE6C00EFC91C /* Color+isDark.swift */; };
		6172B49D297F56DB00E53D8F /* WalkAnimation.swift in Sources */ = {isa = PBXBuildFile; fileRef = 6131C0A22911EEA100D1E6F1 /* WalkAnimation.swift */; };
		6172B49E297F56DD00E53D8F /* SitAnimation.swift in Sources */ = {isa = PBXBuildFile; fileRef = 6131C0B029120DC900D1E6F1 /* SitAnimation.swift */; };
		6172B49F297F57C100E53D8F /* View+Modifier.swift in Sources */ = {isa = PBXBuildFile; fileRef = 61B17250285CFCBB001C8245 /* View+Modifier.swift */; };
		6172B4A0297F57C400E53D8F /* UIView+ClosestVC.swift in Sources */ = {isa = PBXBuildFile; fileRef = 61B17252285CFCF8001C8245 /* UIView+ClosestVC.swift */; };
		6172B4A1297F57C900E53D8F /* TimeInterval+formatter.swift in Sources */ = {isa = PBXBuildFile; fileRef = 612B9087285CC863003F1990 /* TimeInterval+formatter.swift */; };
		6172B4A2297F57D000E53D8F /* TimeInterval+formatter.swift in Sources */ = {isa = PBXBuildFile; fileRef = 612B9087285CC863003F1990 /* TimeInterval+formatter.swift */; };
		6172B4A3297F57E100E53D8F /* AnimatedImage.swift in Sources */ = {isa = PBXBuildFile; fileRef = 6131C0AD291204C300D1E6F1 /* AnimatedImage.swift */; };
		6172B4AB297F5EC600E53D8F /* WidgetKit.framework in Frameworks */ = {isa = PBXBuildFile; fileRef = 612D8F81290B63180089CDD1 /* WidgetKit.framework */; };
		6172B4AC297F5EC600E53D8F /* SwiftUI.framework in Frameworks */ = {isa = PBXBuildFile; fileRef = 612D8F83290B63180089CDD1 /* SwiftUI.framework */; };
		6172B4AF297F5EC600E53D8F /* iOSWidgetBundle.swift in Sources */ = {isa = PBXBuildFile; fileRef = 6172B4AE297F5EC600E53D8F /* iOSWidgetBundle.swift */; };
		6172B4B1297F5EC600E53D8F /* iOSWidgetLiveActivity.swift in Sources */ = {isa = PBXBuildFile; fileRef = 6172B4B0297F5EC600E53D8F /* iOSWidgetLiveActivity.swift */; };
		6172B4B3297F5EC600E53D8F /* iOSWidget.swift in Sources */ = {isa = PBXBuildFile; fileRef = 6172B4B2297F5EC600E53D8F /* iOSWidget.swift */; };
		6172B4B6297F5EC700E53D8F /* Assets.xcassets in Resources */ = {isa = PBXBuildFile; fileRef = 6172B4B5297F5EC700E53D8F /* Assets.xcassets */; };
		6172B4B8297F5EC700E53D8F /* iOSWidget.intentdefinition in Sources */ = {isa = PBXBuildFile; fileRef = 6172B4B4297F5EC600E53D8F /* iOSWidget.intentdefinition */; };
		6172B4B9297F5EC700E53D8F /* iOSWidget.intentdefinition in Sources */ = {isa = PBXBuildFile; fileRef = 6172B4B4297F5EC600E53D8F /* iOSWidget.intentdefinition */; };
		6172B4BC297F5EC700E53D8F /* iOSWidgetExtension.appex in Embed Foundation Extensions */ = {isa = PBXBuildFile; fileRef = 6172B4AA297F5EC600E53D8F /* iOSWidgetExtension.appex */; settings = {ATTRIBUTES = (RemoveHeadersOnCopy, ); }; };
		6172B4C1297F621000E53D8F /* SequenceTimer.swift in Sources */ = {isa = PBXBuildFile; fileRef = 613D6D9B285C82FD0020C194 /* SequenceTimer.swift */; };
		6172B4C2297F621400E53D8F /* PomoTimer.swift in Sources */ = {isa = PBXBuildFile; fileRef = 619255B02901F4CB00D399B8 /* PomoTimer.swift */; };
		6172B4C3297F621700E53D8F /* PomoTime.swift in Sources */ = {isa = PBXBuildFile; fileRef = 619255B3290204AB00D399B8 /* PomoTime.swift */; };
		6172B4C5297F646800E53D8F /* TimeInterval+formatter.swift in Sources */ = {isa = PBXBuildFile; fileRef = 612B9087285CC863003F1990 /* TimeInterval+formatter.swift */; };
		6172B4C6297F65EF00E53D8F /* Assets.xcassets in Resources */ = {isa = PBXBuildFile; fileRef = 617789B52856A1F300BD43D7 /* Assets.xcassets */; };
		6172B4C9297F82E300E53D8F /* LiveActivities.swift in Sources */ = {isa = PBXBuildFile; fileRef = 6172B4C8297F82E300E53D8F /* LiveActivities.swift */; };
		6172B4CA297F848B00E53D8F /* iOSWidgetLiveActivity.swift in Sources */ = {isa = PBXBuildFile; fileRef = 6172B4B0297F5EC600E53D8F /* iOSWidgetLiveActivity.swift */; };
		6172B4CB297F848C00E53D8F /* iOSWidgetLiveActivity.swift in Sources */ = {isa = PBXBuildFile; fileRef = 6172B4B0297F5EC600E53D8F /* iOSWidgetLiveActivity.swift */; };
		6172B4CC297F848C00E53D8F /* iOSWidgetLiveActivity.swift in Sources */ = {isa = PBXBuildFile; fileRef = 6172B4B0297F5EC600E53D8F /* iOSWidgetLiveActivity.swift */; };
		617789B22856A1F300BD43D7 /* PomodoroApp.swift in Sources */ = {isa = PBXBuildFile; fileRef = 617789B12856A1F300BD43D7 /* PomodoroApp.swift */; };
		617789B62856A1F300BD43D7 /* Assets.xcassets in Resources */ = {isa = PBXBuildFile; fileRef = 617789B52856A1F300BD43D7 /* Assets.xcassets */; };
		617789BA2856A1F300BD43D7 /* Preview Assets.xcassets in Resources */ = {isa = PBXBuildFile; fileRef = 617789B92856A1F300BD43D7 /* Preview Assets.xcassets */; };
		617789C42856A1F400BD43D7 /* PomodoroTests.swift in Sources */ = {isa = PBXBuildFile; fileRef = 617789C32856A1F400BD43D7 /* PomodoroTests.swift */; };
		617789CE2856A1F400BD43D7 /* PomodoroUITests.swift in Sources */ = {isa = PBXBuildFile; fileRef = 617789CD2856A1F400BD43D7 /* PomodoroUITests.swift */; };
		617789D02856A1F400BD43D7 /* PomodoroUITestsLaunchTests.swift in Sources */ = {isa = PBXBuildFile; fileRef = 617789CF2856A1F400BD43D7 /* PomodoroUITestsLaunchTests.swift */; };
		617789DE2856A38C00BD43D7 /* ContentView.swift in Sources */ = {isa = PBXBuildFile; fileRef = 617789B32856A1F300BD43D7 /* ContentView.swift */; };
		618750F529BABCFE0017BF8E /* Point+Extensions.swift in Sources */ = {isa = PBXBuildFile; fileRef = 618750F429BABCFE0017BF8E /* Point+Extensions.swift */; };
		618750F629BABCFE0017BF8E /* Point+Extensions.swift in Sources */ = {isa = PBXBuildFile; fileRef = 618750F429BABCFE0017BF8E /* Point+Extensions.swift */; };
		618750F729BABCFE0017BF8E /* Point+Extensions.swift in Sources */ = {isa = PBXBuildFile; fileRef = 618750F429BABCFE0017BF8E /* Point+Extensions.swift */; };
		618750F929BB69400017BF8E /* TaskNotes.swift in Sources */ = {isa = PBXBuildFile; fileRef = 618750F829BB69400017BF8E /* TaskNotes.swift */; };
		618750FA29BB69400017BF8E /* TaskNotes.swift in Sources */ = {isa = PBXBuildFile; fileRef = 618750F829BB69400017BF8E /* TaskNotes.swift */; };
		618750FB29BB69400017BF8E /* TaskNotes.swift in Sources */ = {isa = PBXBuildFile; fileRef = 618750F829BB69400017BF8E /* TaskNotes.swift */; };
		618750FD29BB7A0B0017BF8E /* TaskLabel.swift in Sources */ = {isa = PBXBuildFile; fileRef = 618750FC29BB7A0B0017BF8E /* TaskLabel.swift */; };
		618750FF29BB7A0B0017BF8E /* TaskLabel.swift in Sources */ = {isa = PBXBuildFile; fileRef = 618750FC29BB7A0B0017BF8E /* TaskLabel.swift */; };
		6187510129BBDD840017BF8E /* PomoStepper.swift in Sources */ = {isa = PBXBuildFile; fileRef = 6101A6F229996B5F00DC5FC5 /* PomoStepper.swift */; };
		6187510629BBDDBB0017BF8E /* PomodoroApp.swift in Sources */ = {isa = PBXBuildFile; fileRef = 617789B12856A1F300BD43D7 /* PomodoroApp.swift */; };
		6187510B29BBF2FA0017BF8E /* PomoTime.swift in Sources */ = {isa = PBXBuildFile; fileRef = 619255B3290204AB00D399B8 /* PomoTime.swift */; };
		6187510C29BBF2FB0017BF8E /* PomoTime.swift in Sources */ = {isa = PBXBuildFile; fileRef = 619255B3290204AB00D399B8 /* PomoTime.swift */; };
		6187510D29BBF3030017BF8E /* PomoTimer.swift in Sources */ = {isa = PBXBuildFile; fileRef = 619255B02901F4CB00D399B8 /* PomoTimer.swift */; };
		6187510E29BBF3040017BF8E /* PomoTimer.swift in Sources */ = {isa = PBXBuildFile; fileRef = 619255B02901F4CB00D399B8 /* PomoTimer.swift */; };
		6187510F29BBF3060017BF8E /* SequenceTimer.swift in Sources */ = {isa = PBXBuildFile; fileRef = 613D6D9B285C82FD0020C194 /* SequenceTimer.swift */; };
		6187511029BBF3070017BF8E /* SequenceTimer.swift in Sources */ = {isa = PBXBuildFile; fileRef = 613D6D9B285C82FD0020C194 /* SequenceTimer.swift */; };
		6187511129BBF3170017BF8E /* Haptics.swift in Sources */ = {isa = PBXBuildFile; fileRef = 619ED26D29073A7E004E344D /* Haptics.swift */; };
		6187511229BBF3170017BF8E /* Haptics.swift in Sources */ = {isa = PBXBuildFile; fileRef = 619ED26D29073A7E004E344D /* Haptics.swift */; };
		618C796A29BD096C007EADBC /* EndTimerHandler.swift in Sources */ = {isa = PBXBuildFile; fileRef = 618C796929BD096C007EADBC /* EndTimerHandler.swift */; };
		618C796C29BD096C007EADBC /* EndTimerHandler.swift in Sources */ = {isa = PBXBuildFile; fileRef = 618C796929BD096C007EADBC /* EndTimerHandler.swift */; };
		618C796E29BD0A46007EADBC /* BackgroundSession.swift in Sources */ = {isa = PBXBuildFile; fileRef = 618C796D29BD0A46007EADBC /* BackgroundSession.swift */; };
		618C796F29BD0A46007EADBC /* BackgroundSession.swift in Sources */ = {isa = PBXBuildFile; fileRef = 618C796D29BD0A46007EADBC /* BackgroundSession.swift */; };
		618D67DD2979ECD7000A9D8A /* Background.swift in Sources */ = {isa = PBXBuildFile; fileRef = 618D67DC2979ECD7000A9D8A /* Background.swift */; };
		618D67DE2979ECD7000A9D8A /* Background.swift in Sources */ = {isa = PBXBuildFile; fileRef = 618D67DC2979ECD7000A9D8A /* Background.swift */; };
		619255AD290121DA00D399B8 /* TimerDisplay.swift in Sources */ = {isa = PBXBuildFile; fileRef = 619255AC290121DA00D399B8 /* TimerDisplay.swift */; };
		619255B12901F4CB00D399B8 /* PomoTimer.swift in Sources */ = {isa = PBXBuildFile; fileRef = 619255B02901F4CB00D399B8 /* PomoTimer.swift */; };
		619255B22901F4CB00D399B8 /* PomoTimer.swift in Sources */ = {isa = PBXBuildFile; fileRef = 619255B02901F4CB00D399B8 /* PomoTimer.swift */; };
		619255B4290204AB00D399B8 /* PomoTime.swift in Sources */ = {isa = PBXBuildFile; fileRef = 619255B3290204AB00D399B8 /* PomoTime.swift */; };
		619255B5290204AB00D399B8 /* PomoTime.swift in Sources */ = {isa = PBXBuildFile; fileRef = 619255B3290204AB00D399B8 /* PomoTime.swift */; };
		619ED26729072C4C004E344D /* TimerDisplay.swift in Sources */ = {isa = PBXBuildFile; fileRef = 619ED26629072C4C004E344D /* TimerDisplay.swift */; };
		619ED26929072E00004E344D /* Haptics.swift in Sources */ = {isa = PBXBuildFile; fileRef = 619ED26829072E00004E344D /* Haptics.swift */; };
		619ED26B29073299004E344D /* ButtonCluster.swift in Sources */ = {isa = PBXBuildFile; fileRef = 619ED26A29073299004E344D /* ButtonCluster.swift */; };
		619ED26E29073A7E004E344D /* Haptics.swift in Sources */ = {isa = PBXBuildFile; fileRef = 619ED26D29073A7E004E344D /* Haptics.swift */; };
		61A7FE2729BD5767000137E7 /* PomodoroWatch Watch App.app in Embed Watch Content */ = {isa = PBXBuildFile; fileRef = 61FAEAAE29065FDC00CACF78 /* PomodoroWatch Watch App.app */; settings = {ATTRIBUTES = (RemoveHeadersOnCopy, ); }; };
		61B17251285CFCBB001C8245 /* View+Modifier.swift in Sources */ = {isa = PBXBuildFile; fileRef = 61B17250285CFCBB001C8245 /* View+Modifier.swift */; };
		61B17253285CFCF8001C8245 /* UIView+ClosestVC.swift in Sources */ = {isa = PBXBuildFile; fileRef = 61B17252285CFCF8001C8245 /* UIView+ClosestVC.swift */; };
		61D5808829BA5E5B006F0BB0 /* Comparable+Clamped.swift in Sources */ = {isa = PBXBuildFile; fileRef = 61D5808729BA5E5B006F0BB0 /* Comparable+Clamped.swift */; };
		61D5808929BA5E5B006F0BB0 /* Comparable+Clamped.swift in Sources */ = {isa = PBXBuildFile; fileRef = 61D5808729BA5E5B006F0BB0 /* Comparable+Clamped.swift */; };
		61D5808A29BA5E5B006F0BB0 /* Comparable+Clamped.swift in Sources */ = {isa = PBXBuildFile; fileRef = 61D5808729BA5E5B006F0BB0 /* Comparable+Clamped.swift */; };
		61D5808B29BA5E5B006F0BB0 /* Comparable+Clamped.swift in Sources */ = {isa = PBXBuildFile; fileRef = 61D5808729BA5E5B006F0BB0 /* Comparable+Clamped.swift */; };
		61D5808C29BA5E5B006F0BB0 /* Comparable+Clamped.swift in Sources */ = {isa = PBXBuildFile; fileRef = 61D5808729BA5E5B006F0BB0 /* Comparable+Clamped.swift */; };
		61D5808D29BA5E5B006F0BB0 /* Comparable+Clamped.swift in Sources */ = {isa = PBXBuildFile; fileRef = 61D5808729BA5E5B006F0BB0 /* Comparable+Clamped.swift */; };
		61D5808E29BA5E5B006F0BB0 /* Comparable+Clamped.swift in Sources */ = {isa = PBXBuildFile; fileRef = 61D5808729BA5E5B006F0BB0 /* Comparable+Clamped.swift */; };
		61D5808F29BA5E5B006F0BB0 /* Comparable+Clamped.swift in Sources */ = {isa = PBXBuildFile; fileRef = 61D5808729BA5E5B006F0BB0 /* Comparable+Clamped.swift */; };
		61D5809129BA5F81006F0BB0 /* TaskAdderView.swift in Sources */ = {isa = PBXBuildFile; fileRef = 61D5809029BA5F81006F0BB0 /* TaskAdderView.swift */; };
		61D5809329BA5F81006F0BB0 /* TaskAdderView.swift in Sources */ = {isa = PBXBuildFile; fileRef = 61D5809029BA5F81006F0BB0 /* TaskAdderView.swift */; };
		61E22A9C297B30FA0080CA6E /* TimerDisplay.swift in Sources */ = {isa = PBXBuildFile; fileRef = 619255AC290121DA00D399B8 /* TimerDisplay.swift */; };
		61E22A9D297B31010080CA6E /* ProgressBar.swift in Sources */ = {isa = PBXBuildFile; fileRef = 61F4220E2900AC350036400A /* ProgressBar.swift */; };
		61E22A9E297B31040080CA6E /* ButtonCluster.swift in Sources */ = {isa = PBXBuildFile; fileRef = 611AE62D2903A9AF00FA24F0 /* ButtonCluster.swift */; };
		61E22AA0297B310B0080CA6E /* BuddyView.swift in Sources */ = {isa = PBXBuildFile; fileRef = 6131C0A92911F6E200D1E6F1 /* BuddyView.swift */; };
		61E22AA2297B31130080CA6E /* SequenceTimer.swift in Sources */ = {isa = PBXBuildFile; fileRef = 613D6D9B285C82FD0020C194 /* SequenceTimer.swift */; };
		61E22AA3297B311E0080CA6E /* PomoTimer.swift in Sources */ = {isa = PBXBuildFile; fileRef = 619255B02901F4CB00D399B8 /* PomoTimer.swift */; };
		61E22AA4297B31210080CA6E /* PomoTime.swift in Sources */ = {isa = PBXBuildFile; fileRef = 619255B3290204AB00D399B8 /* PomoTime.swift */; };
		61E22AA5297B31270080CA6E /* Haptics.swift in Sources */ = {isa = PBXBuildFile; fileRef = 619ED26829072E00004E344D /* Haptics.swift */; };
		61E22AA7297B31500080CA6E /* Notifications.swift in Sources */ = {isa = PBXBuildFile; fileRef = 61F4253D2908E8FD00300C83 /* Notifications.swift */; };
		61E22AAB297B975B0080CA6E /* Color+hex.swift in Sources */ = {isa = PBXBuildFile; fileRef = 612B9089285CD2E4003F1990 /* Color+hex.swift */; };
		61E22AAC297B975D0080CA6E /* Color+hex.swift in Sources */ = {isa = PBXBuildFile; fileRef = 612B9089285CD2E4003F1990 /* Color+hex.swift */; };
		61E22AAD297B97CC0080CA6E /* Color+hex.swift in Sources */ = {isa = PBXBuildFile; fileRef = 612B9089285CD2E4003F1990 /* Color+hex.swift */; };
		61ED2E06297A682F0080C29F /* ContentView.swift in Sources */ = {isa = PBXBuildFile; fileRef = 617789B32856A1F300BD43D7 /* ContentView.swift */; };
		61F21DA0299233F400C3DACC /* LiveActivities.swift in Sources */ = {isa = PBXBuildFile; fileRef = 6172B4C8297F82E300E53D8F /* LiveActivities.swift */; };
		61F4220F2900AC350036400A /* ProgressBar.swift in Sources */ = {isa = PBXBuildFile; fileRef = 61F4220E2900AC350036400A /* ProgressBar.swift */; };
		61F4253E2908E8FD00300C83 /* Notifications.swift in Sources */ = {isa = PBXBuildFile; fileRef = 61F4253D2908E8FD00300C83 /* Notifications.swift */; };
		61F425412908EAE300300C83 /* PomoTimer.swift in Sources */ = {isa = PBXBuildFile; fileRef = 619255B02901F4CB00D399B8 /* PomoTimer.swift */; };
		61F425422908EB9700300C83 /* Notifications.swift in Sources */ = {isa = PBXBuildFile; fileRef = 61F4253D2908E8FD00300C83 /* Notifications.swift */; };
		61FAEAB129065FDC00CACF78 /* PomodoroWatchApp.swift in Sources */ = {isa = PBXBuildFile; fileRef = 61FAEAB029065FDC00CACF78 /* PomodoroWatchApp.swift */; };
		61FAEAB329065FDC00CACF78 /* ContentView.swift in Sources */ = {isa = PBXBuildFile; fileRef = 61FAEAB229065FDC00CACF78 /* ContentView.swift */; };
		61FAEAB529065FDE00CACF78 /* Assets.xcassets in Resources */ = {isa = PBXBuildFile; fileRef = 61FAEAB429065FDE00CACF78 /* Assets.xcassets */; };
		61FAEAB829065FDE00CACF78 /* Preview Assets.xcassets in Resources */ = {isa = PBXBuildFile; fileRef = 61FAEAB729065FDE00CACF78 /* Preview Assets.xcassets */; };
		61FAEAC229065FDE00CACF78 /* PomodoroWatch_Watch_AppTests.swift in Sources */ = {isa = PBXBuildFile; fileRef = 61FAEAC129065FDE00CACF78 /* PomodoroWatch_Watch_AppTests.swift */; };
		61FAEACC29065FDE00CACF78 /* PomodoroWatch_Watch_AppUITests.swift in Sources */ = {isa = PBXBuildFile; fileRef = 61FAEACB29065FDE00CACF78 /* PomodoroWatch_Watch_AppUITests.swift */; };
		61FAEACE29065FDE00CACF78 /* PomodoroWatch_Watch_AppUITestsLaunchTests.swift in Sources */ = {isa = PBXBuildFile; fileRef = 61FAEACD29065FDE00CACF78 /* PomodoroWatch_Watch_AppUITestsLaunchTests.swift */; };
		61FAEADA290689A200CACF78 /* SequenceTimer.swift in Sources */ = {isa = PBXBuildFile; fileRef = 613D6D9B285C82FD0020C194 /* SequenceTimer.swift */; };
		61FAEADB290689A200CACF78 /* PomoTime.swift in Sources */ = {isa = PBXBuildFile; fileRef = 619255B3290204AB00D399B8 /* PomoTime.swift */; };
		61FAEADC290689A200CACF78 /* Color+hex.swift in Sources */ = {isa = PBXBuildFile; fileRef = 612B9089285CD2E4003F1990 /* Color+hex.swift */; };
		61FAEAE0290689A200CACF78 /* TimeInterval+formatter.swift in Sources */ = {isa = PBXBuildFile; fileRef = 612B9087285CC863003F1990 /* TimeInterval+formatter.swift */; };
/* End PBXBuildFile section */

/* Begin PBXContainerItemProxy section */
		612D8F8E290B63190089CDD1 /* PBXContainerItemProxy */ = {
			isa = PBXContainerItemProxy;
			containerPortal = 617789A62856A1F300BD43D7 /* Project object */;
			proxyType = 1;
			remoteGlobalIDString = 612D8F7E290B63180089CDD1;
			remoteInfo = WatchWidgetExtension;
		};
		617789C02856A1F400BD43D7 /* PBXContainerItemProxy */ = {
			isa = PBXContainerItemProxy;
			containerPortal = 617789A62856A1F300BD43D7 /* Project object */;
			proxyType = 1;
			remoteGlobalIDString = 617789AD2856A1F300BD43D7;
			remoteInfo = Pomodoro;
		};
		617789CA2856A1F400BD43D7 /* PBXContainerItemProxy */ = {
			isa = PBXContainerItemProxy;
			containerPortal = 617789A62856A1F300BD43D7 /* Project object */;
			proxyType = 1;
			remoteGlobalIDString = 617789AD2856A1F300BD43D7;
			remoteInfo = Pomodoro;
		};
		61A7FE2829BD5767000137E7 /* PBXContainerItemProxy */ = {
			isa = PBXContainerItemProxy;
			containerPortal = 617789A62856A1F300BD43D7 /* Project object */;
			proxyType = 1;
			remoteGlobalIDString = 61FAEAAD29065FDC00CACF78;
			remoteInfo = "PomodoroWatch Watch App";
		};
		61D7895529A148E100B296B4 /* PBXContainerItemProxy */ = {
			isa = PBXContainerItemProxy;
			containerPortal = 617789A62856A1F300BD43D7 /* Project object */;
			proxyType = 1;
			remoteGlobalIDString = 61FAEAAD29065FDC00CACF78;
			remoteInfo = "PomodoroWatch Watch App";
		};
		61FAEABE29065FDE00CACF78 /* PBXContainerItemProxy */ = {
			isa = PBXContainerItemProxy;
			containerPortal = 617789A62856A1F300BD43D7 /* Project object */;
			proxyType = 1;
			remoteGlobalIDString = 61FAEAAD29065FDC00CACF78;
			remoteInfo = "PomodoroWatch Watch App";
		};
		61FAEAC829065FDE00CACF78 /* PBXContainerItemProxy */ = {
			isa = PBXContainerItemProxy;
			containerPortal = 617789A62856A1F300BD43D7 /* Project object */;
			proxyType = 1;
			remoteGlobalIDString = 61FAEAAD29065FDC00CACF78;
			remoteInfo = "PomodoroWatch Watch App";
		};
/* End PBXContainerItemProxy section */

/* Begin PBXCopyFilesBuildPhase section */
		612D8F94290B63190089CDD1 /* Embed Foundation Extensions */ = {
			isa = PBXCopyFilesBuildPhase;
			buildActionMask = 2147483647;
			dstPath = "";
			dstSubfolderSpec = 13;
			files = (
				612D8F90290B63190089CDD1 /* WatchWidgetExtension.appex in Embed Foundation Extensions */,
			);
			name = "Embed Foundation Extensions";
			runOnlyForDeploymentPostprocessing = 0;
		};
		6172B4C0297F5EC700E53D8F /* Embed Foundation Extensions */ = {
			isa = PBXCopyFilesBuildPhase;
			buildActionMask = 2147483647;
			dstPath = "";
			dstSubfolderSpec = 13;
			files = (
				6172B4BC297F5EC700E53D8F /* iOSWidgetExtension.appex in Embed Foundation Extensions */,
			);
			name = "Embed Foundation Extensions";
			runOnlyForDeploymentPostprocessing = 0;
		};
		61A7FE2A29BD5767000137E7 /* Embed Watch Content */ = {
			isa = PBXCopyFilesBuildPhase;
			buildActionMask = 2147483647;
			dstPath = "$(CONTENTS_FOLDER_PATH)/Watch";
			dstSubfolderSpec = 16;
			files = (
				61A7FE2729BD5767000137E7 /* PomodoroWatch Watch App.app in Embed Watch Content */,
			);
			name = "Embed Watch Content";
			runOnlyForDeploymentPostprocessing = 0;
		};
/* End PBXCopyFilesBuildPhase section */

/* Begin PBXFileReference section */
		6101A6F229996B5F00DC5FC5 /* PomoStepper.swift */ = {isa = PBXFileReference; lastKnownFileType = sourcecode.swift; path = PomoStepper.swift; sourceTree = "<group>"; };
		6101A6F429998C4A00DC5FC5 /* EndTimerHandler.swift */ = {isa = PBXFileReference; lastKnownFileType = sourcecode.swift; path = EndTimerHandler.swift; sourceTree = "<group>"; };
		611A3CA429076BEF00B7AFD3 /* ProgressBar.swift */ = {isa = PBXFileReference; lastKnownFileType = sourcecode.swift; path = ProgressBar.swift; sourceTree = "<group>"; };
		611AE62D2903A9AF00FA24F0 /* ButtonCluster.swift */ = {isa = PBXFileReference; lastKnownFileType = sourcecode.swift; path = ButtonCluster.swift; sourceTree = "<group>"; };
		612B9087285CC863003F1990 /* TimeInterval+formatter.swift */ = {isa = PBXFileReference; lastKnownFileType = sourcecode.swift; path = "TimeInterval+formatter.swift"; sourceTree = "<group>"; };
		612B9089285CD2E4003F1990 /* Color+hex.swift */ = {isa = PBXFileReference; lastKnownFileType = sourcecode.swift; path = "Color+hex.swift"; sourceTree = "<group>"; };
		612D8F7F290B63180089CDD1 /* WatchWidgetExtension.appex */ = {isa = PBXFileReference; explicitFileType = "wrapper.app-extension"; includeInIndex = 0; path = WatchWidgetExtension.appex; sourceTree = BUILT_PRODUCTS_DIR; };
		612D8F81290B63180089CDD1 /* WidgetKit.framework */ = {isa = PBXFileReference; lastKnownFileType = wrapper.framework; name = WidgetKit.framework; path = System/Library/Frameworks/WidgetKit.framework; sourceTree = SDKROOT; };
		612D8F83290B63180089CDD1 /* SwiftUI.framework */ = {isa = PBXFileReference; lastKnownFileType = wrapper.framework; name = SwiftUI.framework; path = System/Library/Frameworks/SwiftUI.framework; sourceTree = SDKROOT; };
		612D8F86290B63180089CDD1 /* WatchWidget.swift */ = {isa = PBXFileReference; lastKnownFileType = sourcecode.swift; path = WatchWidget.swift; sourceTree = "<group>"; };
		612D8F88290B63180089CDD1 /* WatchWidget.intentdefinition */ = {isa = PBXFileReference; lastKnownFileType = file.intentdefinition; path = WatchWidget.intentdefinition; sourceTree = "<group>"; };
		612D8F89290B63190089CDD1 /* Assets.xcassets */ = {isa = PBXFileReference; lastKnownFileType = folder.assetcatalog; path = Assets.xcassets; sourceTree = "<group>"; };
		612D8F8B290B63190089CDD1 /* Info.plist */ = {isa = PBXFileReference; lastKnownFileType = text.plist.xml; path = Info.plist; sourceTree = "<group>"; };
		6131C0A22911EEA100D1E6F1 /* WalkAnimation.swift */ = {isa = PBXFileReference; lastKnownFileType = sourcecode.swift; path = WalkAnimation.swift; sourceTree = "<group>"; };
		6131C0A92911F6E200D1E6F1 /* BuddyView.swift */ = {isa = PBXFileReference; lastKnownFileType = sourcecode.swift; path = BuddyView.swift; sourceTree = "<group>"; };
		6131C0AD291204C300D1E6F1 /* AnimatedImage.swift */ = {isa = PBXFileReference; lastKnownFileType = sourcecode.swift; path = AnimatedImage.swift; sourceTree = "<group>"; };
		6131C0B029120DC900D1E6F1 /* SitAnimation.swift */ = {isa = PBXFileReference; lastKnownFileType = sourcecode.swift; path = SitAnimation.swift; sourceTree = "<group>"; };
		6139AE4E290C643B00C5CB19 /* MainPage.swift */ = {isa = PBXFileReference; lastKnownFileType = sourcecode.swift; path = MainPage.swift; sourceTree = "<group>"; };
		6139AE50290C64D000C5CB19 /* ChangerPage.swift */ = {isa = PBXFileReference; lastKnownFileType = sourcecode.swift; path = ChangerPage.swift; sourceTree = "<group>"; };
		613D6D9B285C82FD0020C194 /* SequenceTimer.swift */ = {isa = PBXFileReference; lastKnownFileType = sourcecode.swift; path = SequenceTimer.swift; sourceTree = "<group>"; };
		613D6D9D285C85FE0020C194 /* SequenceTimerTests.swift */ = {isa = PBXFileReference; lastKnownFileType = sourcecode.swift; path = SequenceTimerTests.swift; sourceTree = "<group>"; };
		614A86C2290A4B74008DFA26 /* PomoTimerTests.swift */ = {isa = PBXFileReference; lastKnownFileType = sourcecode.swift; path = PomoTimerTests.swift; sourceTree = "<group>"; };
		614A86C4290A4E1E008DFA26 /* PomoTimeTests.swift */ = {isa = PBXFileReference; lastKnownFileType = sourcecode.swift; path = PomoTimeTests.swift; sourceTree = "<group>"; };
		614DA2A62997BE3C00EFC91C /* PopStyle.swift */ = {isa = PBXFileReference; lastKnownFileType = sourcecode.swift; path = PopStyle.swift; sourceTree = "<group>"; };
		614DA2AF2997BE6C00EFC91C /* Color+isDark.swift */ = {isa = PBXFileReference; lastKnownFileType = sourcecode.swift; path = "Color+isDark.swift"; sourceTree = "<group>"; };
		615E7F2D290B7DA9005BD3AE /* PomodoroWatch Watch App.entitlements */ = {isa = PBXFileReference; lastKnownFileType = text.plist.entitlements; path = "PomodoroWatch Watch App.entitlements"; sourceTree = "<group>"; };
		615E7F2E290B7DB0005BD3AE /* WatchWidgetExtension.entitlements */ = {isa = PBXFileReference; lastKnownFileType = text.plist.entitlements; path = WatchWidgetExtension.entitlements; sourceTree = "<group>"; };
		6172B4AA297F5EC600E53D8F /* iOSWidgetExtension.appex */ = {isa = PBXFileReference; explicitFileType = "wrapper.app-extension"; includeInIndex = 0; path = iOSWidgetExtension.appex; sourceTree = BUILT_PRODUCTS_DIR; };
		6172B4AE297F5EC600E53D8F /* iOSWidgetBundle.swift */ = {isa = PBXFileReference; lastKnownFileType = sourcecode.swift; path = iOSWidgetBundle.swift; sourceTree = "<group>"; };
		6172B4B0297F5EC600E53D8F /* iOSWidgetLiveActivity.swift */ = {isa = PBXFileReference; lastKnownFileType = sourcecode.swift; path = iOSWidgetLiveActivity.swift; sourceTree = "<group>"; };
		6172B4B2297F5EC600E53D8F /* iOSWidget.swift */ = {isa = PBXFileReference; lastKnownFileType = sourcecode.swift; path = iOSWidget.swift; sourceTree = "<group>"; };
		6172B4B4297F5EC600E53D8F /* iOSWidget.intentdefinition */ = {isa = PBXFileReference; lastKnownFileType = file.intentdefinition; path = iOSWidget.intentdefinition; sourceTree = "<group>"; };
		6172B4B5297F5EC700E53D8F /* Assets.xcassets */ = {isa = PBXFileReference; lastKnownFileType = folder.assetcatalog; path = Assets.xcassets; sourceTree = "<group>"; };
		6172B4B7297F5EC700E53D8F /* Info.plist */ = {isa = PBXFileReference; lastKnownFileType = text.plist.xml; path = Info.plist; sourceTree = "<group>"; };
		6172B4C4297F62EE00E53D8F /* iOSWidgetExtension.entitlements */ = {isa = PBXFileReference; lastKnownFileType = text.plist.entitlements; path = iOSWidgetExtension.entitlements; sourceTree = "<group>"; };
		6172B4C7297F686100E53D8F /* Info.plist */ = {isa = PBXFileReference; lastKnownFileType = text.plist; path = Info.plist; sourceTree = "<group>"; };
		6172B4C8297F82E300E53D8F /* LiveActivities.swift */ = {isa = PBXFileReference; lastKnownFileType = sourcecode.swift; path = LiveActivities.swift; sourceTree = "<group>"; };
		617789AE2856A1F300BD43D7 /* Pomodoro.app */ = {isa = PBXFileReference; explicitFileType = wrapper.application; includeInIndex = 0; path = Pomodoro.app; sourceTree = BUILT_PRODUCTS_DIR; };
		617789B12856A1F300BD43D7 /* PomodoroApp.swift */ = {isa = PBXFileReference; lastKnownFileType = sourcecode.swift; path = PomodoroApp.swift; sourceTree = "<group>"; };
		617789B32856A1F300BD43D7 /* ContentView.swift */ = {isa = PBXFileReference; lastKnownFileType = sourcecode.swift; path = ContentView.swift; sourceTree = "<group>"; };
		617789B52856A1F300BD43D7 /* Assets.xcassets */ = {isa = PBXFileReference; lastKnownFileType = folder.assetcatalog; path = Assets.xcassets; sourceTree = "<group>"; };
		617789B72856A1F300BD43D7 /* Pomodoro.entitlements */ = {isa = PBXFileReference; lastKnownFileType = text.plist.entitlements; path = Pomodoro.entitlements; sourceTree = "<group>"; };
		617789B92856A1F300BD43D7 /* Preview Assets.xcassets */ = {isa = PBXFileReference; lastKnownFileType = folder.assetcatalog; path = "Preview Assets.xcassets"; sourceTree = "<group>"; };
		617789BF2856A1F400BD43D7 /* PomodoroTests.xctest */ = {isa = PBXFileReference; explicitFileType = wrapper.cfbundle; includeInIndex = 0; path = PomodoroTests.xctest; sourceTree = BUILT_PRODUCTS_DIR; };
		617789C32856A1F400BD43D7 /* PomodoroTests.swift */ = {isa = PBXFileReference; lastKnownFileType = sourcecode.swift; path = PomodoroTests.swift; sourceTree = "<group>"; };
		617789C92856A1F400BD43D7 /* PomodoroUITests.xctest */ = {isa = PBXFileReference; explicitFileType = wrapper.cfbundle; includeInIndex = 0; path = PomodoroUITests.xctest; sourceTree = BUILT_PRODUCTS_DIR; };
		617789CD2856A1F400BD43D7 /* PomodoroUITests.swift */ = {isa = PBXFileReference; lastKnownFileType = sourcecode.swift; path = PomodoroUITests.swift; sourceTree = "<group>"; };
		617789CF2856A1F400BD43D7 /* PomodoroUITestsLaunchTests.swift */ = {isa = PBXFileReference; lastKnownFileType = sourcecode.swift; path = PomodoroUITestsLaunchTests.swift; sourceTree = "<group>"; };
		618750F429BABCFE0017BF8E /* Point+Extensions.swift */ = {isa = PBXFileReference; lastKnownFileType = sourcecode.swift; path = "Point+Extensions.swift"; sourceTree = "<group>"; };
		618750F829BB69400017BF8E /* TaskNotes.swift */ = {isa = PBXFileReference; lastKnownFileType = sourcecode.swift; path = TaskNotes.swift; sourceTree = "<group>"; };
		618750FC29BB7A0B0017BF8E /* TaskLabel.swift */ = {isa = PBXFileReference; lastKnownFileType = sourcecode.swift; path = TaskLabel.swift; sourceTree = "<group>"; };
		618C796829BCF28A007EADBC /* PomodoroWatch-Watch-App-Info.plist */ = {isa = PBXFileReference; lastKnownFileType = text.plist; path = "PomodoroWatch-Watch-App-Info.plist"; sourceTree = SOURCE_ROOT; };
		618C796929BD096C007EADBC /* EndTimerHandler.swift */ = {isa = PBXFileReference; lastKnownFileType = sourcecode.swift; path = EndTimerHandler.swift; sourceTree = "<group>"; };
		618C796D29BD0A46007EADBC /* BackgroundSession.swift */ = {isa = PBXFileReference; lastKnownFileType = sourcecode.swift; path = BackgroundSession.swift; sourceTree = "<group>"; };
		618D67DC2979ECD7000A9D8A /* Background.swift */ = {isa = PBXFileReference; lastKnownFileType = sourcecode.swift; path = Background.swift; sourceTree = "<group>"; };
		619255AC290121DA00D399B8 /* TimerDisplay.swift */ = {isa = PBXFileReference; lastKnownFileType = sourcecode.swift; path = TimerDisplay.swift; sourceTree = "<group>"; };
		619255B02901F4CB00D399B8 /* PomoTimer.swift */ = {isa = PBXFileReference; lastKnownFileType = sourcecode.swift; path = PomoTimer.swift; sourceTree = "<group>"; };
		619255B3290204AB00D399B8 /* PomoTime.swift */ = {isa = PBXFileReference; lastKnownFileType = sourcecode.swift; path = PomoTime.swift; sourceTree = "<group>"; };
		619ED26629072C4C004E344D /* TimerDisplay.swift */ = {isa = PBXFileReference; lastKnownFileType = sourcecode.swift; path = TimerDisplay.swift; sourceTree = "<group>"; };
		619ED26829072E00004E344D /* Haptics.swift */ = {isa = PBXFileReference; lastKnownFileType = sourcecode.swift; path = Haptics.swift; sourceTree = "<group>"; };
		619ED26A29073299004E344D /* ButtonCluster.swift */ = {isa = PBXFileReference; lastKnownFileType = sourcecode.swift; path = ButtonCluster.swift; sourceTree = "<group>"; };
		619ED26D29073A7E004E344D /* Haptics.swift */ = {isa = PBXFileReference; lastKnownFileType = sourcecode.swift; path = Haptics.swift; sourceTree = "<group>"; };
		61B17250285CFCBB001C8245 /* View+Modifier.swift */ = {isa = PBXFileReference; lastKnownFileType = sourcecode.swift; path = "View+Modifier.swift"; sourceTree = "<group>"; };
		61B17252285CFCF8001C8245 /* UIView+ClosestVC.swift */ = {isa = PBXFileReference; lastKnownFileType = sourcecode.swift; path = "UIView+ClosestVC.swift"; sourceTree = "<group>"; };
		61D5808729BA5E5B006F0BB0 /* Comparable+Clamped.swift */ = {isa = PBXFileReference; lastKnownFileType = sourcecode.swift; path = "Comparable+Clamped.swift"; sourceTree = "<group>"; };
		61D5809029BA5F81006F0BB0 /* TaskAdderView.swift */ = {isa = PBXFileReference; lastKnownFileType = sourcecode.swift; path = TaskAdderView.swift; sourceTree = "<group>"; };
		61F4220E2900AC350036400A /* ProgressBar.swift */ = {isa = PBXFileReference; lastKnownFileType = sourcecode.swift; path = ProgressBar.swift; sourceTree = "<group>"; };
		61F4253D2908E8FD00300C83 /* Notifications.swift */ = {isa = PBXFileReference; lastKnownFileType = sourcecode.swift; path = Notifications.swift; sourceTree = "<group>"; };
		61FAEAAE29065FDC00CACF78 /* PomodoroWatch Watch App.app */ = {isa = PBXFileReference; explicitFileType = wrapper.application; includeInIndex = 0; path = "PomodoroWatch Watch App.app"; sourceTree = BUILT_PRODUCTS_DIR; };
		61FAEAB029065FDC00CACF78 /* PomodoroWatchApp.swift */ = {isa = PBXFileReference; lastKnownFileType = sourcecode.swift; path = PomodoroWatchApp.swift; sourceTree = "<group>"; };
		61FAEAB229065FDC00CACF78 /* ContentView.swift */ = {isa = PBXFileReference; lastKnownFileType = sourcecode.swift; path = ContentView.swift; sourceTree = "<group>"; };
		61FAEAB429065FDE00CACF78 /* Assets.xcassets */ = {isa = PBXFileReference; lastKnownFileType = folder.assetcatalog; path = Assets.xcassets; sourceTree = "<group>"; };
		61FAEAB729065FDE00CACF78 /* Preview Assets.xcassets */ = {isa = PBXFileReference; lastKnownFileType = folder.assetcatalog; path = "Preview Assets.xcassets"; sourceTree = "<group>"; };
		61FAEABD29065FDE00CACF78 /* PomodoroWatch Watch AppTests.xctest */ = {isa = PBXFileReference; explicitFileType = wrapper.cfbundle; includeInIndex = 0; path = "PomodoroWatch Watch AppTests.xctest"; sourceTree = BUILT_PRODUCTS_DIR; };
		61FAEAC129065FDE00CACF78 /* PomodoroWatch_Watch_AppTests.swift */ = {isa = PBXFileReference; lastKnownFileType = sourcecode.swift; path = PomodoroWatch_Watch_AppTests.swift; sourceTree = "<group>"; };
		61FAEAC729065FDE00CACF78 /* PomodoroWatch Watch AppUITests.xctest */ = {isa = PBXFileReference; explicitFileType = wrapper.cfbundle; includeInIndex = 0; path = "PomodoroWatch Watch AppUITests.xctest"; sourceTree = BUILT_PRODUCTS_DIR; };
		61FAEACB29065FDE00CACF78 /* PomodoroWatch_Watch_AppUITests.swift */ = {isa = PBXFileReference; lastKnownFileType = sourcecode.swift; path = PomodoroWatch_Watch_AppUITests.swift; sourceTree = "<group>"; };
		61FAEACD29065FDE00CACF78 /* PomodoroWatch_Watch_AppUITestsLaunchTests.swift */ = {isa = PBXFileReference; lastKnownFileType = sourcecode.swift; path = PomodoroWatch_Watch_AppUITestsLaunchTests.swift; sourceTree = "<group>"; };
/* End PBXFileReference section */

/* Begin PBXFrameworksBuildPhase section */
		612D8F7C290B63180089CDD1 /* Frameworks */ = {
			isa = PBXFrameworksBuildPhase;
			buildActionMask = 2147483647;
			files = (
				612D8F84290B63180089CDD1 /* SwiftUI.framework in Frameworks */,
				612D8F82290B63180089CDD1 /* WidgetKit.framework in Frameworks */,
			);
			runOnlyForDeploymentPostprocessing = 0;
		};
		6172B4A7297F5EC600E53D8F /* Frameworks */ = {
			isa = PBXFrameworksBuildPhase;
			buildActionMask = 2147483647;
			files = (
				6172B4AC297F5EC600E53D8F /* SwiftUI.framework in Frameworks */,
				6172B4AB297F5EC600E53D8F /* WidgetKit.framework in Frameworks */,
			);
			runOnlyForDeploymentPostprocessing = 0;
		};
		617789AB2856A1F300BD43D7 /* Frameworks */ = {
			isa = PBXFrameworksBuildPhase;
			buildActionMask = 2147483647;
			files = (
			);
			runOnlyForDeploymentPostprocessing = 0;
		};
		617789BC2856A1F400BD43D7 /* Frameworks */ = {
			isa = PBXFrameworksBuildPhase;
			buildActionMask = 2147483647;
			files = (
			);
			runOnlyForDeploymentPostprocessing = 0;
		};
		617789C62856A1F400BD43D7 /* Frameworks */ = {
			isa = PBXFrameworksBuildPhase;
			buildActionMask = 2147483647;
			files = (
			);
			runOnlyForDeploymentPostprocessing = 0;
		};
		61FAEAAB29065FDC00CACF78 /* Frameworks */ = {
			isa = PBXFrameworksBuildPhase;
			buildActionMask = 2147483647;
			files = (
			);
			runOnlyForDeploymentPostprocessing = 0;
		};
		61FAEABA29065FDE00CACF78 /* Frameworks */ = {
			isa = PBXFrameworksBuildPhase;
			buildActionMask = 2147483647;
			files = (
			);
			runOnlyForDeploymentPostprocessing = 0;
		};
		61FAEAC429065FDE00CACF78 /* Frameworks */ = {
			isa = PBXFrameworksBuildPhase;
			buildActionMask = 2147483647;
			files = (
			);
			runOnlyForDeploymentPostprocessing = 0;
		};
/* End PBXFrameworksBuildPhase section */

/* Begin PBXGroup section */
		612B9085285CC80D003F1990 /* Extensions */ = {
			isa = PBXGroup;
			children = (
				612B9087285CC863003F1990 /* TimeInterval+formatter.swift */,
				612B9089285CD2E4003F1990 /* Color+hex.swift */,
				61B17250285CFCBB001C8245 /* View+Modifier.swift */,
				61B17252285CFCF8001C8245 /* UIView+ClosestVC.swift */,
				614DA2AF2997BE6C00EFC91C /* Color+isDark.swift */,
				61D5808729BA5E5B006F0BB0 /* Comparable+Clamped.swift */,
				618750F429BABCFE0017BF8E /* Point+Extensions.swift */,
			);
			path = Extensions;
			sourceTree = "<group>";
		};
		612D8F80290B63180089CDD1 /* Frameworks */ = {
			isa = PBXGroup;
			children = (
				612D8F81290B63180089CDD1 /* WidgetKit.framework */,
				612D8F83290B63180089CDD1 /* SwiftUI.framework */,
			);
			name = Frameworks;
			sourceTree = "<group>";
		};
		612D8F85290B63180089CDD1 /* WatchWidget */ = {
			isa = PBXGroup;
			children = (
				612D8F86290B63180089CDD1 /* WatchWidget.swift */,
				612D8F88290B63180089CDD1 /* WatchWidget.intentdefinition */,
				612D8F89290B63190089CDD1 /* Assets.xcassets */,
				612D8F8B290B63190089CDD1 /* Info.plist */,
			);
			path = WatchWidget;
			sourceTree = "<group>";
		};
		6131C0A12911EE7300D1E6F1 /* Animations */ = {
			isa = PBXGroup;
			children = (
				6131C0A22911EEA100D1E6F1 /* WalkAnimation.swift */,
				6131C0B029120DC900D1E6F1 /* SitAnimation.swift */,
			);
			path = Animations;
			sourceTree = "<group>";
		};
		6172B4AD297F5EC600E53D8F /* iOSWidget */ = {
			isa = PBXGroup;
			children = (
				6172B4AE297F5EC600E53D8F /* iOSWidgetBundle.swift */,
				6172B4B0297F5EC600E53D8F /* iOSWidgetLiveActivity.swift */,
				6172B4B2297F5EC600E53D8F /* iOSWidget.swift */,
				6172B4B4297F5EC600E53D8F /* iOSWidget.intentdefinition */,
				6172B4B5297F5EC700E53D8F /* Assets.xcassets */,
				6172B4B7297F5EC700E53D8F /* Info.plist */,
			);
			path = iOSWidget;
			sourceTree = "<group>";
		};
		617789A52856A1F200BD43D7 = {
			isa = PBXGroup;
			children = (
				6172B4C4297F62EE00E53D8F /* iOSWidgetExtension.entitlements */,
				615E7F2E290B7DB0005BD3AE /* WatchWidgetExtension.entitlements */,
				617789B02856A1F300BD43D7 /* Pomodoro */,
				61FAEAAF29065FDC00CACF78 /* PomodoroWatch Watch App */,
				6172B4AD297F5EC600E53D8F /* iOSWidget */,
				612D8F85290B63180089CDD1 /* WatchWidget */,
				617789C22856A1F400BD43D7 /* PomodoroTests */,
				617789CC2856A1F400BD43D7 /* PomodoroUITests */,
				61FAEAC029065FDE00CACF78 /* PomodoroWatch Watch AppTests */,
				61FAEACA29065FDE00CACF78 /* PomodoroWatch Watch AppUITests */,
				612D8F80290B63180089CDD1 /* Frameworks */,
				617789AF2856A1F300BD43D7 /* Products */,
			);
			sourceTree = "<group>";
		};
		617789AF2856A1F300BD43D7 /* Products */ = {
			isa = PBXGroup;
			children = (
				617789AE2856A1F300BD43D7 /* Pomodoro.app */,
				617789BF2856A1F400BD43D7 /* PomodoroTests.xctest */,
				617789C92856A1F400BD43D7 /* PomodoroUITests.xctest */,
				61FAEAAE29065FDC00CACF78 /* PomodoroWatch Watch App.app */,
				61FAEABD29065FDE00CACF78 /* PomodoroWatch Watch AppTests.xctest */,
				61FAEAC729065FDE00CACF78 /* PomodoroWatch Watch AppUITests.xctest */,
				612D8F7F290B63180089CDD1 /* WatchWidgetExtension.appex */,
				6172B4AA297F5EC600E53D8F /* iOSWidgetExtension.appex */,
			);
			name = Products;
			sourceTree = "<group>";
		};
		617789B02856A1F300BD43D7 /* Pomodoro */ = {
			isa = PBXGroup;
			children = (
				6172B4C7297F686100E53D8F /* Info.plist */,
				617789B12856A1F300BD43D7 /* PomodoroApp.swift */,
				61BEBD812856B17A00987514 /* Views */,
				61BEBD822856B1D400987514 /* Model */,
				619ED26829072E00004E344D /* Haptics.swift */,
				6101A6F429998C4A00DC5FC5 /* EndTimerHandler.swift */,
				61F4253D2908E8FD00300C83 /* Notifications.swift */,
				6172B4C8297F82E300E53D8F /* LiveActivities.swift */,
				6131C0A12911EE7300D1E6F1 /* Animations */,
				612B9085285CC80D003F1990 /* Extensions */,
				617789B52856A1F300BD43D7 /* Assets.xcassets */,
				617789B72856A1F300BD43D7 /* Pomodoro.entitlements */,
				617789B82856A1F300BD43D7 /* Preview Content */,
			);
			path = Pomodoro;
			sourceTree = "<group>";
		};
		617789B82856A1F300BD43D7 /* Preview Content */ = {
			isa = PBXGroup;
			children = (
				617789B92856A1F300BD43D7 /* Preview Assets.xcassets */,
			);
			path = "Preview Content";
			sourceTree = "<group>";
		};
		617789C22856A1F400BD43D7 /* PomodoroTests */ = {
			isa = PBXGroup;
			children = (
				614A86C4290A4E1E008DFA26 /* PomoTimeTests.swift */,
				614A86C2290A4B74008DFA26 /* PomoTimerTests.swift */,
				617789C32856A1F400BD43D7 /* PomodoroTests.swift */,
				613D6D9D285C85FE0020C194 /* SequenceTimerTests.swift */,
			);
			path = PomodoroTests;
			sourceTree = "<group>";
		};
		617789CC2856A1F400BD43D7 /* PomodoroUITests */ = {
			isa = PBXGroup;
			children = (
				617789CD2856A1F400BD43D7 /* PomodoroUITests.swift */,
				617789CF2856A1F400BD43D7 /* PomodoroUITestsLaunchTests.swift */,
			);
			path = PomodoroUITests;
			sourceTree = "<group>";
		};
		61B17254285CFD40001C8245 /* Helpers */ = {
			isa = PBXGroup;
			children = (
				618750FC29BB7A0B0017BF8E /* TaskLabel.swift */,
				6131C0AD291204C300D1E6F1 /* AnimatedImage.swift */,
				614DA2A62997BE3C00EFC91C /* PopStyle.swift */,
			);
			path = Helpers;
			sourceTree = "<group>";
		};
		61BEBD812856B17A00987514 /* Views */ = {
			isa = PBXGroup;
			children = (
				617789B32856A1F300BD43D7 /* ContentView.swift */,
				618D67DC2979ECD7000A9D8A /* Background.swift */,
				619255AC290121DA00D399B8 /* TimerDisplay.swift */,
				61D5809029BA5F81006F0BB0 /* TaskAdderView.swift */,
				61F4220E2900AC350036400A /* ProgressBar.swift */,
				6101A6F229996B5F00DC5FC5 /* PomoStepper.swift */,
				611AE62D2903A9AF00FA24F0 /* ButtonCluster.swift */,
				6131C0A92911F6E200D1E6F1 /* BuddyView.swift */,
				61B17254285CFD40001C8245 /* Helpers */,
			);
			path = Views;
			sourceTree = "<group>";
		};
		61BEBD822856B1D400987514 /* Model */ = {
			isa = PBXGroup;
			children = (
				613D6D9B285C82FD0020C194 /* SequenceTimer.swift */,
				619255B02901F4CB00D399B8 /* PomoTimer.swift */,
				619255B3290204AB00D399B8 /* PomoTime.swift */,
				618750F829BB69400017BF8E /* TaskNotes.swift */,
			);
			path = Model;
			sourceTree = "<group>";
		};
		61FAEAAF29065FDC00CACF78 /* PomodoroWatch Watch App */ = {
			isa = PBXGroup;
			children = (
				618C796829BCF28A007EADBC /* PomodoroWatch-Watch-App-Info.plist */,
				615E7F2D290B7DA9005BD3AE /* PomodoroWatch Watch App.entitlements */,
				61FAEAB029065FDC00CACF78 /* PomodoroWatchApp.swift */,
				61FAEAD8290688FB00CACF78 /* Views */,
				619ED26D29073A7E004E344D /* Haptics.swift */,
				618C796929BD096C007EADBC /* EndTimerHandler.swift */,
				618C796D29BD0A46007EADBC /* BackgroundSession.swift */,
				61FAEAB429065FDE00CACF78 /* Assets.xcassets */,
				61FAEAB629065FDE00CACF78 /* Preview Content */,
			);
			path = "PomodoroWatch Watch App";
			sourceTree = "<group>";
		};
		61FAEAB629065FDE00CACF78 /* Preview Content */ = {
			isa = PBXGroup;
			children = (
				61FAEAB729065FDE00CACF78 /* Preview Assets.xcassets */,
			);
			path = "Preview Content";
			sourceTree = "<group>";
		};
		61FAEAC029065FDE00CACF78 /* PomodoroWatch Watch AppTests */ = {
			isa = PBXGroup;
			children = (
				61FAEAC129065FDE00CACF78 /* PomodoroWatch_Watch_AppTests.swift */,
			);
			path = "PomodoroWatch Watch AppTests";
			sourceTree = "<group>";
		};
		61FAEACA29065FDE00CACF78 /* PomodoroWatch Watch AppUITests */ = {
			isa = PBXGroup;
			children = (
				61FAEACB29065FDE00CACF78 /* PomodoroWatch_Watch_AppUITests.swift */,
				61FAEACD29065FDE00CACF78 /* PomodoroWatch_Watch_AppUITestsLaunchTests.swift */,
			);
			path = "PomodoroWatch Watch AppUITests";
			sourceTree = "<group>";
		};
		61FAEAD8290688FB00CACF78 /* Views */ = {
			isa = PBXGroup;
			children = (
				61FAEAB229065FDC00CACF78 /* ContentView.swift */,
				6139AE4E290C643B00C5CB19 /* MainPage.swift */,
				6139AE50290C64D000C5CB19 /* ChangerPage.swift */,
				619ED26629072C4C004E344D /* TimerDisplay.swift */,
				611A3CA429076BEF00B7AFD3 /* ProgressBar.swift */,
				619ED26A29073299004E344D /* ButtonCluster.swift */,
			);
			path = Views;
			sourceTree = "<group>";
		};
/* End PBXGroup section */

/* Begin PBXNativeTarget section */
		612D8F7E290B63180089CDD1 /* WatchWidgetExtension */ = {
			isa = PBXNativeTarget;
			buildConfigurationList = 612D8F91290B63190089CDD1 /* Build configuration list for PBXNativeTarget "WatchWidgetExtension" */;
			buildPhases = (
				612D8F7B290B63180089CDD1 /* Sources */,
				612D8F7C290B63180089CDD1 /* Frameworks */,
				612D8F7D290B63180089CDD1 /* Resources */,
			);
			buildRules = (
			);
			dependencies = (
			);
			name = WatchWidgetExtension;
			productName = WatchWidgetExtension;
			productReference = 612D8F7F290B63180089CDD1 /* WatchWidgetExtension.appex */;
			productType = "com.apple.product-type.app-extension";
		};
		6172B4A9297F5EC600E53D8F /* iOSWidgetExtension */ = {
			isa = PBXNativeTarget;
			buildConfigurationList = 6172B4BD297F5EC700E53D8F /* Build configuration list for PBXNativeTarget "iOSWidgetExtension" */;
			buildPhases = (
				6172B4A6297F5EC600E53D8F /* Sources */,
				6172B4A7297F5EC600E53D8F /* Frameworks */,
				6172B4A8297F5EC600E53D8F /* Resources */,
			);
			buildRules = (
			);
			dependencies = (
			);
			name = iOSWidgetExtension;
			productName = iOSWidgetExtension;
			productReference = 6172B4AA297F5EC600E53D8F /* iOSWidgetExtension.appex */;
			productType = "com.apple.product-type.app-extension";
		};
		617789AD2856A1F300BD43D7 /* Pomodoro */ = {
			isa = PBXNativeTarget;
			buildConfigurationList = 617789D32856A1F400BD43D7 /* Build configuration list for PBXNativeTarget "Pomodoro" */;
			buildPhases = (
				617789AA2856A1F300BD43D7 /* Sources */,
				617789AB2856A1F300BD43D7 /* Frameworks */,
				617789AC2856A1F300BD43D7 /* Resources */,
				6172B4C0297F5EC700E53D8F /* Embed Foundation Extensions */,
				61A7FE2A29BD5767000137E7 /* Embed Watch Content */,
			);
			buildRules = (
			);
			dependencies = (
				61D7895629A148E100B296B4 /* PBXTargetDependency */,
				61A7FE2929BD5767000137E7 /* PBXTargetDependency */,
			);
			name = Pomodoro;
			productName = Pomodoro;
			productReference = 617789AE2856A1F300BD43D7 /* Pomodoro.app */;
			productType = "com.apple.product-type.application";
		};
		617789BE2856A1F400BD43D7 /* PomodoroTests */ = {
			isa = PBXNativeTarget;
			buildConfigurationList = 617789D62856A1F400BD43D7 /* Build configuration list for PBXNativeTarget "PomodoroTests" */;
			buildPhases = (
				617789BB2856A1F400BD43D7 /* Sources */,
				617789BC2856A1F400BD43D7 /* Frameworks */,
				617789BD2856A1F400BD43D7 /* Resources */,
			);
			buildRules = (
			);
			dependencies = (
				617789C12856A1F400BD43D7 /* PBXTargetDependency */,
			);
			name = PomodoroTests;
			productName = PomodoroTests;
			productReference = 617789BF2856A1F400BD43D7 /* PomodoroTests.xctest */;
			productType = "com.apple.product-type.bundle.unit-test";
		};
		617789C82856A1F400BD43D7 /* PomodoroUITests */ = {
			isa = PBXNativeTarget;
			buildConfigurationList = 617789D92856A1F400BD43D7 /* Build configuration list for PBXNativeTarget "PomodoroUITests" */;
			buildPhases = (
				617789C52856A1F400BD43D7 /* Sources */,
				617789C62856A1F400BD43D7 /* Frameworks */,
				617789C72856A1F400BD43D7 /* Resources */,
			);
			buildRules = (
			);
			dependencies = (
				617789CB2856A1F400BD43D7 /* PBXTargetDependency */,
			);
			name = PomodoroUITests;
			productName = PomodoroUITests;
			productReference = 617789C92856A1F400BD43D7 /* PomodoroUITests.xctest */;
			productType = "com.apple.product-type.bundle.ui-testing";
		};
		61FAEAAD29065FDC00CACF78 /* PomodoroWatch Watch App */ = {
			isa = PBXNativeTarget;
			buildConfigurationList = 61FAEACF29065FDE00CACF78 /* Build configuration list for PBXNativeTarget "PomodoroWatch Watch App" */;
			buildPhases = (
				61FAEAAA29065FDC00CACF78 /* Sources */,
				61FAEAAB29065FDC00CACF78 /* Frameworks */,
				61FAEAAC29065FDC00CACF78 /* Resources */,
				612D8F94290B63190089CDD1 /* Embed Foundation Extensions */,
			);
			buildRules = (
			);
			dependencies = (
				612D8F8F290B63190089CDD1 /* PBXTargetDependency */,
			);
			name = "PomodoroWatch Watch App";
			productName = "PomodoroWatch Watch App";
			productReference = 61FAEAAE29065FDC00CACF78 /* PomodoroWatch Watch App.app */;
			productType = "com.apple.product-type.application";
		};
		61FAEABC29065FDE00CACF78 /* PomodoroWatch Watch AppTests */ = {
			isa = PBXNativeTarget;
			buildConfigurationList = 61FAEAD229065FDE00CACF78 /* Build configuration list for PBXNativeTarget "PomodoroWatch Watch AppTests" */;
			buildPhases = (
				61FAEAB929065FDE00CACF78 /* Sources */,
				61FAEABA29065FDE00CACF78 /* Frameworks */,
				61FAEABB29065FDE00CACF78 /* Resources */,
			);
			buildRules = (
			);
			dependencies = (
				61FAEABF29065FDE00CACF78 /* PBXTargetDependency */,
			);
			name = "PomodoroWatch Watch AppTests";
			productName = "PomodoroWatch Watch AppTests";
			productReference = 61FAEABD29065FDE00CACF78 /* PomodoroWatch Watch AppTests.xctest */;
			productType = "com.apple.product-type.bundle.unit-test";
		};
		61FAEAC629065FDE00CACF78 /* PomodoroWatch Watch AppUITests */ = {
			isa = PBXNativeTarget;
			buildConfigurationList = 61FAEAD529065FDE00CACF78 /* Build configuration list for PBXNativeTarget "PomodoroWatch Watch AppUITests" */;
			buildPhases = (
				61FAEAC329065FDE00CACF78 /* Sources */,
				61FAEAC429065FDE00CACF78 /* Frameworks */,
				61FAEAC529065FDE00CACF78 /* Resources */,
			);
			buildRules = (
			);
			dependencies = (
				61FAEAC929065FDE00CACF78 /* PBXTargetDependency */,
			);
			name = "PomodoroWatch Watch AppUITests";
			productName = "PomodoroWatch Watch AppUITests";
			productReference = 61FAEAC729065FDE00CACF78 /* PomodoroWatch Watch AppUITests.xctest */;
			productType = "com.apple.product-type.bundle.ui-testing";
		};
/* End PBXNativeTarget section */

/* Begin PBXProject section */
		617789A62856A1F300BD43D7 /* Project object */ = {
			isa = PBXProject;
			attributes = {
				BuildIndependentTargetsInParallel = 1;
				LastSwiftUpdateCheck = 1410;
				LastUpgradeCheck = 1410;
				TargetAttributes = {
					612D8F7E290B63180089CDD1 = {
						CreatedOnToolsVersion = 14.1;
					};
					6172B4A9297F5EC600E53D8F = {
						CreatedOnToolsVersion = 14.1;
					};
					617789AD2856A1F300BD43D7 = {
						CreatedOnToolsVersion = 14.0;
					};
					617789BE2856A1F400BD43D7 = {
						CreatedOnToolsVersion = 14.0;
						TestTargetID = 617789AD2856A1F300BD43D7;
					};
					617789C82856A1F400BD43D7 = {
						CreatedOnToolsVersion = 14.0;
						TestTargetID = 617789AD2856A1F300BD43D7;
					};
					61FAEAAD29065FDC00CACF78 = {
						CreatedOnToolsVersion = 14.1;
					};
					61FAEABC29065FDE00CACF78 = {
						CreatedOnToolsVersion = 14.1;
						TestTargetID = 61FAEAAD29065FDC00CACF78;
					};
					61FAEAC629065FDE00CACF78 = {
						CreatedOnToolsVersion = 14.1;
						TestTargetID = 61FAEAAD29065FDC00CACF78;
					};
				};
			};
			buildConfigurationList = 617789A92856A1F300BD43D7 /* Build configuration list for PBXProject "Pomodoro" */;
			compatibilityVersion = "Xcode 14.0";
			developmentRegion = en;
			hasScannedForEncodings = 0;
			knownRegions = (
				en,
				Base,
			);
			mainGroup = 617789A52856A1F200BD43D7;
			productRefGroup = 617789AF2856A1F300BD43D7 /* Products */;
			projectDirPath = "";
			projectRoot = "";
			targets = (
				617789AD2856A1F300BD43D7 /* Pomodoro */,
				617789BE2856A1F400BD43D7 /* PomodoroTests */,
				617789C82856A1F400BD43D7 /* PomodoroUITests */,
				61FAEAAD29065FDC00CACF78 /* PomodoroWatch Watch App */,
				61FAEABC29065FDE00CACF78 /* PomodoroWatch Watch AppTests */,
				61FAEAC629065FDE00CACF78 /* PomodoroWatch Watch AppUITests */,
				612D8F7E290B63180089CDD1 /* WatchWidgetExtension */,
				6172B4A9297F5EC600E53D8F /* iOSWidgetExtension */,
			);
		};
/* End PBXProject section */

/* Begin PBXResourcesBuildPhase section */
		612D8F7D290B63180089CDD1 /* Resources */ = {
			isa = PBXResourcesBuildPhase;
			buildActionMask = 2147483647;
			files = (
				612D8F8A290B63190089CDD1 /* Assets.xcassets in Resources */,
			);
			runOnlyForDeploymentPostprocessing = 0;
		};
		6172B4A8297F5EC600E53D8F /* Resources */ = {
			isa = PBXResourcesBuildPhase;
			buildActionMask = 2147483647;
			files = (
				6172B4C6297F65EF00E53D8F /* Assets.xcassets in Resources */,
				6172B4B6297F5EC700E53D8F /* Assets.xcassets in Resources */,
			);
			runOnlyForDeploymentPostprocessing = 0;
		};
		617789AC2856A1F300BD43D7 /* Resources */ = {
			isa = PBXResourcesBuildPhase;
			buildActionMask = 2147483647;
			files = (
				617789BA2856A1F300BD43D7 /* Preview Assets.xcassets in Resources */,
				617789B62856A1F300BD43D7 /* Assets.xcassets in Resources */,
			);
			runOnlyForDeploymentPostprocessing = 0;
		};
		617789BD2856A1F400BD43D7 /* Resources */ = {
			isa = PBXResourcesBuildPhase;
			buildActionMask = 2147483647;
			files = (
			);
			runOnlyForDeploymentPostprocessing = 0;
		};
		617789C72856A1F400BD43D7 /* Resources */ = {
			isa = PBXResourcesBuildPhase;
			buildActionMask = 2147483647;
			files = (
			);
			runOnlyForDeploymentPostprocessing = 0;
		};
		61FAEAAC29065FDC00CACF78 /* Resources */ = {
			isa = PBXResourcesBuildPhase;
			buildActionMask = 2147483647;
			files = (
				61FAEAB829065FDE00CACF78 /* Preview Assets.xcassets in Resources */,
				61FAEAB529065FDE00CACF78 /* Assets.xcassets in Resources */,
			);
			runOnlyForDeploymentPostprocessing = 0;
		};
		61FAEABB29065FDE00CACF78 /* Resources */ = {
			isa = PBXResourcesBuildPhase;
			buildActionMask = 2147483647;
			files = (
			);
			runOnlyForDeploymentPostprocessing = 0;
		};
		61FAEAC529065FDE00CACF78 /* Resources */ = {
			isa = PBXResourcesBuildPhase;
			buildActionMask = 2147483647;
			files = (
			);
			runOnlyForDeploymentPostprocessing = 0;
		};
/* End PBXResourcesBuildPhase section */

/* Begin PBXSourcesBuildPhase section */
		612D8F7B290B63180089CDD1 /* Sources */ = {
			isa = PBXSourcesBuildPhase;
			buildActionMask = 2147483647;
			files = (
				612D8F96290B67E80089CDD1 /* SequenceTimer.swift in Sources */,
				612D8F8C290B63190089CDD1 /* WatchWidget.intentdefinition in Sources */,
				612D8F97290B67EB0089CDD1 /* PomoTime.swift in Sources */,
				61E22AAD297B97CC0080CA6E /* Color+hex.swift in Sources */,
				61D5808E29BA5E5B006F0BB0 /* Comparable+Clamped.swift in Sources */,
				614DA2B62997BE6C00EFC91C /* Color+isDark.swift in Sources */,
				612D8F95290B67E50089CDD1 /* PomoTimer.swift in Sources */,
				612D8F87290B63180089CDD1 /* WatchWidget.swift in Sources */,
			);
			runOnlyForDeploymentPostprocessing = 0;
		};
		6172B4A6297F5EC600E53D8F /* Sources */ = {
			isa = PBXSourcesBuildPhase;
			buildActionMask = 2147483647;
			files = (
				6172B4B1297F5EC600E53D8F /* iOSWidgetLiveActivity.swift in Sources */,
				61D5808F29BA5E5B006F0BB0 /* Comparable+Clamped.swift in Sources */,
				6172B4B3297F5EC600E53D8F /* iOSWidget.swift in Sources */,
				6172B4C5297F646800E53D8F /* TimeInterval+formatter.swift in Sources */,
				6172B4C1297F621000E53D8F /* SequenceTimer.swift in Sources */,
				6172B4B8297F5EC700E53D8F /* iOSWidget.intentdefinition in Sources */,
				6172B4C2297F621400E53D8F /* PomoTimer.swift in Sources */,
				6172B4AF297F5EC600E53D8F /* iOSWidgetBundle.swift in Sources */,
				6172B4C3297F621700E53D8F /* PomoTime.swift in Sources */,
				614DA2B72997BE6C00EFC91C /* Color+isDark.swift in Sources */,
			);
			runOnlyForDeploymentPostprocessing = 0;
		};
		617789AA2856A1F300BD43D7 /* Sources */ = {
			isa = PBXSourcesBuildPhase;
			buildActionMask = 2147483647;
			files = (
				6172B4CA297F848B00E53D8F /* iOSWidgetLiveActivity.swift in Sources */,
				619255AD290121DA00D399B8 /* TimerDisplay.swift in Sources */,
				618750FD29BB7A0B0017BF8E /* TaskLabel.swift in Sources */,
				6172B4C9297F82E300E53D8F /* LiveActivities.swift in Sources */,
				6101A6F329996B5F00DC5FC5 /* PomoStepper.swift in Sources */,
				619ED26929072E00004E344D /* Haptics.swift in Sources */,
				6131C0A52911F38300D1E6F1 /* WalkAnimation.swift in Sources */,
				61F4220F2900AC350036400A /* ProgressBar.swift in Sources */,
				613D6D9C285C82FD0020C194 /* SequenceTimer.swift in Sources */,
				618750F929BB69400017BF8E /* TaskNotes.swift in Sources */,
				612B908A285CD2E4003F1990 /* Color+hex.swift in Sources */,
				61D5809129BA5F81006F0BB0 /* TaskAdderView.swift in Sources */,
				61B17253285CFCF8001C8245 /* UIView+ClosestVC.swift in Sources */,
				61B17251285CFCBB001C8245 /* View+Modifier.swift in Sources */,
				6131C0AE291204C300D1E6F1 /* AnimatedImage.swift in Sources */,
				614DA2B02997BE6C00EFC91C /* Color+isDark.swift in Sources */,
				617789DE2856A38C00BD43D7 /* ContentView.swift in Sources */,
				6131C0B129120DC900D1E6F1 /* SitAnimation.swift in Sources */,
				618D67DD2979ECD7000A9D8A /* Background.swift in Sources */,
				614DA2A72997BE3C00EFC91C /* PopStyle.swift in Sources */,
				6101A6F529998C4A00DC5FC5 /* EndTimerHandler.swift in Sources */,
				611AE62E2903A9AF00FA24F0 /* ButtonCluster.swift in Sources */,
				61F4253E2908E8FD00300C83 /* Notifications.swift in Sources */,
				612B9088285CC863003F1990 /* TimeInterval+formatter.swift in Sources */,
				617789B22856A1F300BD43D7 /* PomodoroApp.swift in Sources */,
				6172B4B9297F5EC700E53D8F /* iOSWidget.intentdefinition in Sources */,
				618750F529BABCFE0017BF8E /* Point+Extensions.swift in Sources */,
				61D5808829BA5E5B006F0BB0 /* Comparable+Clamped.swift in Sources */,
				6131C0AA2911F6E200D1E6F1 /* BuddyView.swift in Sources */,
				619255B12901F4CB00D399B8 /* PomoTimer.swift in Sources */,
				619255B4290204AB00D399B8 /* PomoTime.swift in Sources */,
			);
			runOnlyForDeploymentPostprocessing = 0;
		};
		617789BB2856A1F400BD43D7 /* Sources */ = {
			isa = PBXSourcesBuildPhase;
			buildActionMask = 2147483647;
			files = (
				6172B4CB297F848C00E53D8F /* iOSWidgetLiveActivity.swift in Sources */,
				618750FA29BB69400017BF8E /* TaskNotes.swift in Sources */,
				617789C42856A1F400BD43D7 /* PomodoroTests.swift in Sources */,
				614A86C5290A4E1E008DFA26 /* PomoTimeTests.swift in Sources */,
				6172B4A2297F57D000E53D8F /* TimeInterval+formatter.swift in Sources */,
				618750F629BABCFE0017BF8E /* Point+Extensions.swift in Sources */,
				613D6D9E285C85FE0020C194 /* SequenceTimerTests.swift in Sources */,
				619255B5290204AB00D399B8 /* PomoTime.swift in Sources */,
				619255B22901F4CB00D399B8 /* PomoTimer.swift in Sources */,
				614A86C3290A4B74008DFA26 /* PomoTimerTests.swift in Sources */,
				613D6D9F285C890F0020C194 /* SequenceTimer.swift in Sources */,
				61D5808929BA5E5B006F0BB0 /* Comparable+Clamped.swift in Sources */,
				614DA2B12997BE6C00EFC91C /* Color+isDark.swift in Sources */,
			);
			runOnlyForDeploymentPostprocessing = 0;
		};
		617789C52856A1F400BD43D7 /* Sources */ = {
			isa = PBXSourcesBuildPhase;
			buildActionMask = 2147483647;
			files = (
				61E22AAB297B975B0080CA6E /* Color+hex.swift in Sources */,
				61E22AA7297B31500080CA6E /* Notifications.swift in Sources */,
				61E22AA5297B31270080CA6E /* Haptics.swift in Sources */,
				6172B49E297F56DD00E53D8F /* SitAnimation.swift in Sources */,
				6187510129BBDD840017BF8E /* PomoStepper.swift in Sources */,
				6172B49D297F56DB00E53D8F /* WalkAnimation.swift in Sources */,
				618750FB29BB69400017BF8E /* TaskNotes.swift in Sources */,
				6172B49F297F57C100E53D8F /* View+Modifier.swift in Sources */,
				61E22A9E297B31040080CA6E /* ButtonCluster.swift in Sources */,
				61E22AA4297B31210080CA6E /* PomoTime.swift in Sources */,
				61D5808A29BA5E5B006F0BB0 /* Comparable+Clamped.swift in Sources */,
				618750F729BABCFE0017BF8E /* Point+Extensions.swift in Sources */,
				61E22AA0297B310B0080CA6E /* BuddyView.swift in Sources */,
				617789D02856A1F400BD43D7 /* PomodoroUITestsLaunchTests.swift in Sources */,
				617789CE2856A1F400BD43D7 /* PomodoroUITests.swift in Sources */,
				614DA2B22997BE6C00EFC91C /* Color+isDark.swift in Sources */,
				6172B4A3297F57E100E53D8F /* AnimatedImage.swift in Sources */,
				61E22AA2297B31130080CA6E /* SequenceTimer.swift in Sources */,
				61ED2E06297A682F0080C29F /* ContentView.swift in Sources */,
				614DA2A92997BE3C00EFC91C /* PopStyle.swift in Sources */,
				6172B4A1297F57C900E53D8F /* TimeInterval+formatter.swift in Sources */,
				61D5809329BA5F81006F0BB0 /* TaskAdderView.swift in Sources */,
				61F21DA0299233F400C3DACC /* LiveActivities.swift in Sources */,
				618D67DE2979ECD7000A9D8A /* Background.swift in Sources */,
				6172B4A0297F57C400E53D8F /* UIView+ClosestVC.swift in Sources */,
				6101A6F729998C4A00DC5FC5 /* EndTimerHandler.swift in Sources */,
				61E22A9D297B31010080CA6E /* ProgressBar.swift in Sources */,
				61E22AA3297B311E0080CA6E /* PomoTimer.swift in Sources */,
				6187510629BBDDBB0017BF8E /* PomodoroApp.swift in Sources */,
				6172B4CC297F848C00E53D8F /* iOSWidgetLiveActivity.swift in Sources */,
				618750FF29BB7A0B0017BF8E /* TaskLabel.swift in Sources */,
				61E22A9C297B30FA0080CA6E /* TimerDisplay.swift in Sources */,
			);
			runOnlyForDeploymentPostprocessing = 0;
		};
		61FAEAAA29065FDC00CACF78 /* Sources */ = {
			isa = PBXSourcesBuildPhase;
			buildActionMask = 2147483647;
			files = (
				61F425422908EB9700300C83 /* Notifications.swift in Sources */,
				619ED26B29073299004E344D /* ButtonCluster.swift in Sources */,
				6131C0AC291200EE00D1E6F1 /* WalkAnimation.swift in Sources */,
				6131C0B229120DC900D1E6F1 /* SitAnimation.swift in Sources */,
				61FAEADA290689A200CACF78 /* SequenceTimer.swift in Sources */,
				6131C0AB2911F6E200D1E6F1 /* BuddyView.swift in Sources */,
				618C796A29BD096C007EADBC /* EndTimerHandler.swift in Sources */,
				612D8F8D290B63190089CDD1 /* WatchWidget.intentdefinition in Sources */,
				619ED26E29073A7E004E344D /* Haptics.swift in Sources */,
				6139AE4F290C643B00C5CB19 /* MainPage.swift in Sources */,
				6131C0AF291204C300D1E6F1 /* AnimatedImage.swift in Sources */,
				61FAEAB329065FDC00CACF78 /* ContentView.swift in Sources */,
				614DA2B32997BE6C00EFC91C /* Color+isDark.swift in Sources */,
				61FAEADB290689A200CACF78 /* PomoTime.swift in Sources */,
				618C796E29BD0A46007EADBC /* BackgroundSession.swift in Sources */,
				61FAEAE0290689A200CACF78 /* TimeInterval+formatter.swift in Sources */,
				61FAEADC290689A200CACF78 /* Color+hex.swift in Sources */,
				619ED26729072C4C004E344D /* TimerDisplay.swift in Sources */,
				611A3CA529076BEF00B7AFD3 /* ProgressBar.swift in Sources */,
				61F425412908EAE300300C83 /* PomoTimer.swift in Sources */,
				61D5808B29BA5E5B006F0BB0 /* Comparable+Clamped.swift in Sources */,
				614DA2AA2997BE3C00EFC91C /* PopStyle.swift in Sources */,
				6139AE51290C64D000C5CB19 /* ChangerPage.swift in Sources */,
				61FAEAB129065FDC00CACF78 /* PomodoroWatchApp.swift in Sources */,
			);
			runOnlyForDeploymentPostprocessing = 0;
		};
		61FAEAB929065FDE00CACF78 /* Sources */ = {
			isa = PBXSourcesBuildPhase;
			buildActionMask = 2147483647;
			files = (
				61FAEAC229065FDE00CACF78 /* PomodoroWatch_Watch_AppTests.swift in Sources */,
				61D5808C29BA5E5B006F0BB0 /* Comparable+Clamped.swift in Sources */,
				6187510F29BBF3060017BF8E /* SequenceTimer.swift in Sources */,
				6187510B29BBF2FA0017BF8E /* PomoTime.swift in Sources */,
				6187511129BBF3170017BF8E /* Haptics.swift in Sources */,
				6187510D29BBF3030017BF8E /* PomoTimer.swift in Sources */,
				614DA2B42997BE6C00EFC91C /* Color+isDark.swift in Sources */,
			);
			runOnlyForDeploymentPostprocessing = 0;
		};
		61FAEAC329065FDE00CACF78 /* Sources */ = {
			isa = PBXSourcesBuildPhase;
			buildActionMask = 2147483647;
			files = (
				61E22AAC297B975D0080CA6E /* Color+hex.swift in Sources */,
				6187511229BBF3170017BF8E /* Haptics.swift in Sources */,
				618C796F29BD0A46007EADBC /* BackgroundSession.swift in Sources */,
				6187511029BBF3070017BF8E /* SequenceTimer.swift in Sources */,
				614DA2AC2997BE3C00EFC91C /* PopStyle.swift in Sources */,
				6187510C29BBF2FB0017BF8E /* PomoTime.swift in Sources */,
				618C796C29BD096C007EADBC /* EndTimerHandler.swift in Sources */,
				6187510E29BBF3040017BF8E /* PomoTimer.swift in Sources */,
				61D5808D29BA5E5B006F0BB0 /* Comparable+Clamped.swift in Sources */,
				61FAEACC29065FDE00CACF78 /* PomodoroWatch_Watch_AppUITests.swift in Sources */,
				61FAEACE29065FDE00CACF78 /* PomodoroWatch_Watch_AppUITestsLaunchTests.swift in Sources */,
				614DA2B52997BE6C00EFC91C /* Color+isDark.swift in Sources */,
			);
			runOnlyForDeploymentPostprocessing = 0;
		};
/* End PBXSourcesBuildPhase section */

/* Begin PBXTargetDependency section */
		612D8F8F290B63190089CDD1 /* PBXTargetDependency */ = {
			isa = PBXTargetDependency;
			target = 612D8F7E290B63180089CDD1 /* WatchWidgetExtension */;
			targetProxy = 612D8F8E290B63190089CDD1 /* PBXContainerItemProxy */;
		};
		617789C12856A1F400BD43D7 /* PBXTargetDependency */ = {
			isa = PBXTargetDependency;
			target = 617789AD2856A1F300BD43D7 /* Pomodoro */;
			targetProxy = 617789C02856A1F400BD43D7 /* PBXContainerItemProxy */;
		};
		617789CB2856A1F400BD43D7 /* PBXTargetDependency */ = {
			isa = PBXTargetDependency;
			target = 617789AD2856A1F300BD43D7 /* Pomodoro */;
			targetProxy = 617789CA2856A1F400BD43D7 /* PBXContainerItemProxy */;
		};
		61A7FE2929BD5767000137E7 /* PBXTargetDependency */ = {
			isa = PBXTargetDependency;
			target = 61FAEAAD29065FDC00CACF78 /* PomodoroWatch Watch App */;
			targetProxy = 61A7FE2829BD5767000137E7 /* PBXContainerItemProxy */;
		};
		61D7895629A148E100B296B4 /* PBXTargetDependency */ = {
			isa = PBXTargetDependency;
			target = 61FAEAAD29065FDC00CACF78 /* PomodoroWatch Watch App */;
			targetProxy = 61D7895529A148E100B296B4 /* PBXContainerItemProxy */;
		};
		61FAEABF29065FDE00CACF78 /* PBXTargetDependency */ = {
			isa = PBXTargetDependency;
			target = 61FAEAAD29065FDC00CACF78 /* PomodoroWatch Watch App */;
			targetProxy = 61FAEABE29065FDE00CACF78 /* PBXContainerItemProxy */;
		};
		61FAEAC929065FDE00CACF78 /* PBXTargetDependency */ = {
			isa = PBXTargetDependency;
			target = 61FAEAAD29065FDC00CACF78 /* PomodoroWatch Watch App */;
			targetProxy = 61FAEAC829065FDE00CACF78 /* PBXContainerItemProxy */;
		};
/* End PBXTargetDependency section */

/* Begin XCBuildConfiguration section */
		612D8F92290B63190089CDD1 /* Debug */ = {
			isa = XCBuildConfiguration;
			buildSettings = {
				ASSETCATALOG_COMPILER_GLOBAL_ACCENT_COLOR_NAME = AccentColor;
				ASSETCATALOG_COMPILER_WIDGET_BACKGROUND_COLOR_NAME = WidgetBackground;
				CLANG_CXX_LANGUAGE_STANDARD = "gnu++20";
				CODE_SIGN_ENTITLEMENTS = WatchWidgetExtension.entitlements;
				CODE_SIGN_STYLE = Automatic;
				CURRENT_PROJECT_VERSION = 1;
				DEVELOPMENT_TEAM = B5RQ2EJVKL;
				GENERATE_INFOPLIST_FILE = YES;
				INFOPLIST_FILE = WatchWidget/Info.plist;
				INFOPLIST_KEY_CFBundleDisplayName = WatchWidget;
				INFOPLIST_KEY_NSHumanReadableCopyright = "";
				LD_RUNPATH_SEARCH_PATHS = (
					"$(inherited)",
					"@executable_path/Frameworks",
					"@executable_path/../../Frameworks",
					"@executable_path/../../../../Frameworks",
				);
				MARKETING_VERSION = 1.0;
				PRODUCT_BUNDLE_IDENTIFIER = .a.PomodoroWatch.WatchWidget;
				PRODUCT_NAME = "$(TARGET_NAME)";
				SDKROOT = watchos;
				SKIP_INSTALL = YES;
				SWIFT_EMIT_LOC_STRINGS = YES;
				SWIFT_VERSION = 5.0;
				TARGETED_DEVICE_FAMILY = 4;
				WATCHOS_DEPLOYMENT_TARGET = 9.1;
			};
			name = Debug;
		};
		612D8F93290B63190089CDD1 /* Release */ = {
			isa = XCBuildConfiguration;
			buildSettings = {
				ASSETCATALOG_COMPILER_GLOBAL_ACCENT_COLOR_NAME = AccentColor;
				ASSETCATALOG_COMPILER_WIDGET_BACKGROUND_COLOR_NAME = WidgetBackground;
				CLANG_CXX_LANGUAGE_STANDARD = "gnu++20";
				CODE_SIGN_ENTITLEMENTS = WatchWidgetExtension.entitlements;
				CODE_SIGN_STYLE = Automatic;
				CURRENT_PROJECT_VERSION = 1;
				DEVELOPMENT_TEAM = B5RQ2EJVKL;
				GENERATE_INFOPLIST_FILE = YES;
				INFOPLIST_FILE = WatchWidget/Info.plist;
				INFOPLIST_KEY_CFBundleDisplayName = WatchWidget;
				INFOPLIST_KEY_NSHumanReadableCopyright = "";
				LD_RUNPATH_SEARCH_PATHS = (
					"$(inherited)",
					"@executable_path/Frameworks",
					"@executable_path/../../Frameworks",
					"@executable_path/../../../../Frameworks",
				);
				MARKETING_VERSION = 1.0;
				PRODUCT_BUNDLE_IDENTIFIER = .a.PomodoroWatch.WatchWidget;
				PRODUCT_NAME = "$(TARGET_NAME)";
				SDKROOT = watchos;
				SKIP_INSTALL = YES;
				SWIFT_EMIT_LOC_STRINGS = YES;
				SWIFT_VERSION = 5.0;
				TARGETED_DEVICE_FAMILY = 4;
				VALIDATE_PRODUCT = YES;
				WATCHOS_DEPLOYMENT_TARGET = 9.1;
			};
			name = Release;
		};
		6172B4BE297F5EC700E53D8F /* Debug */ = {
			isa = XCBuildConfiguration;
			buildSettings = {
				ASSETCATALOG_COMPILER_GLOBAL_ACCENT_COLOR_NAME = AccentColor;
				ASSETCATALOG_COMPILER_WIDGET_BACKGROUND_COLOR_NAME = WidgetBackground;
				CLANG_CXX_LANGUAGE_STANDARD = "gnu++20";
				CODE_SIGN_ENTITLEMENTS = iOSWidgetExtension.entitlements;
				CODE_SIGN_IDENTITY = "Apple Development";
				CODE_SIGN_STYLE = Automatic;
				CURRENT_PROJECT_VERSION = 1;
				DEVELOPMENT_TEAM = B5RQ2EJVKL;
				GENERATE_INFOPLIST_FILE = YES;
				INFOPLIST_FILE = iOSWidget/Info.plist;
				INFOPLIST_KEY_CFBundleDisplayName = iOSWidget;
				INFOPLIST_KEY_NSHumanReadableCopyright = "";
				IPHONEOS_DEPLOYMENT_TARGET = 16.2;
				LD_RUNPATH_SEARCH_PATHS = (
					"$(inherited)",
					"@executable_path/Frameworks",
					"@executable_path/../../Frameworks",
				);
				MARKETING_VERSION = 1.0;
				PRODUCT_BUNDLE_IDENTIFIER = "com.po-gl-a.Pomodoro.iOSWidget";
				PRODUCT_NAME = "$(TARGET_NAME)";
				SDKROOT = iphoneos;
				SKIP_INSTALL = YES;
				SWIFT_EMIT_LOC_STRINGS = YES;
				SWIFT_VERSION = 5.0;
				TARGETED_DEVICE_FAMILY = "1,2";
			};
			name = Debug;
		};
		6172B4BF297F5EC700E53D8F /* Release */ = {
			isa = XCBuildConfiguration;
			buildSettings = {
				ASSETCATALOG_COMPILER_GLOBAL_ACCENT_COLOR_NAME = AccentColor;
				ASSETCATALOG_COMPILER_WIDGET_BACKGROUND_COLOR_NAME = WidgetBackground;
				CLANG_CXX_LANGUAGE_STANDARD = "gnu++20";
				CODE_SIGN_ENTITLEMENTS = iOSWidgetExtension.entitlements;
				CODE_SIGN_IDENTITY = "Apple Development";
				CODE_SIGN_STYLE = Automatic;
				CURRENT_PROJECT_VERSION = 1;
				DEVELOPMENT_TEAM = B5RQ2EJVKL;
				GENERATE_INFOPLIST_FILE = YES;
				INFOPLIST_FILE = iOSWidget/Info.plist;
				INFOPLIST_KEY_CFBundleDisplayName = iOSWidget;
				INFOPLIST_KEY_NSHumanReadableCopyright = "";
				IPHONEOS_DEPLOYMENT_TARGET = 16.2;
				LD_RUNPATH_SEARCH_PATHS = (
					"$(inherited)",
					"@executable_path/Frameworks",
					"@executable_path/../../Frameworks",
				);
				MARKETING_VERSION = 1.0;
				PRODUCT_BUNDLE_IDENTIFIER = "com.po-gl-a.Pomodoro.iOSWidget";
				PRODUCT_NAME = "$(TARGET_NAME)";
				SDKROOT = iphoneos;
				SKIP_INSTALL = YES;
				SWIFT_EMIT_LOC_STRINGS = YES;
				SWIFT_VERSION = 5.0;
				TARGETED_DEVICE_FAMILY = "1,2";
				VALIDATE_PRODUCT = YES;
			};
			name = Release;
		};
		617789D12856A1F400BD43D7 /* Debug */ = {
			isa = XCBuildConfiguration;
			buildSettings = {
				ALWAYS_SEARCH_USER_PATHS = NO;
				CLANG_ANALYZER_NONNULL = YES;
				CLANG_ANALYZER_NUMBER_OBJECT_CONVERSION = YES_AGGRESSIVE;
				CLANG_CXX_LANGUAGE_STANDARD = "gnu++17";
				CLANG_ENABLE_MODULES = YES;
				CLANG_ENABLE_OBJC_ARC = YES;
				CLANG_ENABLE_OBJC_WEAK = YES;
				CLANG_WARN_BLOCK_CAPTURE_AUTORELEASING = YES;
				CLANG_WARN_BOOL_CONVERSION = YES;
				CLANG_WARN_COMMA = YES;
				CLANG_WARN_CONSTANT_CONVERSION = YES;
				CLANG_WARN_DEPRECATED_OBJC_IMPLEMENTATIONS = YES;
				CLANG_WARN_DIRECT_OBJC_ISA_USAGE = YES_ERROR;
				CLANG_WARN_DOCUMENTATION_COMMENTS = YES;
				CLANG_WARN_EMPTY_BODY = YES;
				CLANG_WARN_ENUM_CONVERSION = YES;
				CLANG_WARN_INFINITE_RECURSION = YES;
				CLANG_WARN_INT_CONVERSION = YES;
				CLANG_WARN_NON_LITERAL_NULL_CONVERSION = YES;
				CLANG_WARN_OBJC_IMPLICIT_RETAIN_SELF = YES;
				CLANG_WARN_OBJC_LITERAL_CONVERSION = YES;
				CLANG_WARN_OBJC_ROOT_CLASS = YES_ERROR;
				CLANG_WARN_QUOTED_INCLUDE_IN_FRAMEWORK_HEADER = YES;
				CLANG_WARN_RANGE_LOOP_ANALYSIS = YES;
				CLANG_WARN_STRICT_PROTOTYPES = YES;
				CLANG_WARN_SUSPICIOUS_MOVE = YES;
				CLANG_WARN_UNGUARDED_AVAILABILITY = YES_AGGRESSIVE;
				CLANG_WARN_UNREACHABLE_CODE = YES;
				CLANG_WARN__DUPLICATE_METHOD_MATCH = YES;
				COPY_PHASE_STRIP = NO;
				DEAD_CODE_STRIPPING = YES;
				DEBUG_INFORMATION_FORMAT = dwarf;
				ENABLE_STRICT_OBJC_MSGSEND = YES;
				ENABLE_TESTABILITY = YES;
				GCC_C_LANGUAGE_STANDARD = gnu11;
				GCC_DYNAMIC_NO_PIC = NO;
				GCC_NO_COMMON_BLOCKS = YES;
				GCC_OPTIMIZATION_LEVEL = 0;
				GCC_PREPROCESSOR_DEFINITIONS = (
					"DEBUG=1",
					"$(inherited)",
				);
				GCC_WARN_64_TO_32_BIT_CONVERSION = YES;
				GCC_WARN_ABOUT_RETURN_TYPE = YES_ERROR;
				GCC_WARN_UNDECLARED_SELECTOR = YES;
				GCC_WARN_UNINITIALIZED_AUTOS = YES_AGGRESSIVE;
				GCC_WARN_UNUSED_FUNCTION = YES;
				GCC_WARN_UNUSED_VARIABLE = YES;
				MTL_ENABLE_DEBUG_INFO = INCLUDE_SOURCE;
				MTL_FAST_MATH = YES;
				ONLY_ACTIVE_ARCH = YES;
				SWIFT_ACTIVE_COMPILATION_CONDITIONS = DEBUG;
				SWIFT_OPTIMIZATION_LEVEL = "-Onone";
			};
			name = Debug;
		};
		617789D22856A1F400BD43D7 /* Release */ = {
			isa = XCBuildConfiguration;
			buildSettings = {
				ALWAYS_SEARCH_USER_PATHS = NO;
				CLANG_ANALYZER_NONNULL = YES;
				CLANG_ANALYZER_NUMBER_OBJECT_CONVERSION = YES_AGGRESSIVE;
				CLANG_CXX_LANGUAGE_STANDARD = "gnu++17";
				CLANG_ENABLE_MODULES = YES;
				CLANG_ENABLE_OBJC_ARC = YES;
				CLANG_ENABLE_OBJC_WEAK = YES;
				CLANG_WARN_BLOCK_CAPTURE_AUTORELEASING = YES;
				CLANG_WARN_BOOL_CONVERSION = YES;
				CLANG_WARN_COMMA = YES;
				CLANG_WARN_CONSTANT_CONVERSION = YES;
				CLANG_WARN_DEPRECATED_OBJC_IMPLEMENTATIONS = YES;
				CLANG_WARN_DIRECT_OBJC_ISA_USAGE = YES_ERROR;
				CLANG_WARN_DOCUMENTATION_COMMENTS = YES;
				CLANG_WARN_EMPTY_BODY = YES;
				CLANG_WARN_ENUM_CONVERSION = YES;
				CLANG_WARN_INFINITE_RECURSION = YES;
				CLANG_WARN_INT_CONVERSION = YES;
				CLANG_WARN_NON_LITERAL_NULL_CONVERSION = YES;
				CLANG_WARN_OBJC_IMPLICIT_RETAIN_SELF = YES;
				CLANG_WARN_OBJC_LITERAL_CONVERSION = YES;
				CLANG_WARN_OBJC_ROOT_CLASS = YES_ERROR;
				CLANG_WARN_QUOTED_INCLUDE_IN_FRAMEWORK_HEADER = YES;
				CLANG_WARN_RANGE_LOOP_ANALYSIS = YES;
				CLANG_WARN_STRICT_PROTOTYPES = YES;
				CLANG_WARN_SUSPICIOUS_MOVE = YES;
				CLANG_WARN_UNGUARDED_AVAILABILITY = YES_AGGRESSIVE;
				CLANG_WARN_UNREACHABLE_CODE = YES;
				CLANG_WARN__DUPLICATE_METHOD_MATCH = YES;
				COPY_PHASE_STRIP = NO;
				DEAD_CODE_STRIPPING = YES;
				DEBUG_INFORMATION_FORMAT = "dwarf-with-dsym";
				ENABLE_NS_ASSERTIONS = NO;
				ENABLE_STRICT_OBJC_MSGSEND = YES;
				GCC_C_LANGUAGE_STANDARD = gnu11;
				GCC_NO_COMMON_BLOCKS = YES;
				GCC_WARN_64_TO_32_BIT_CONVERSION = YES;
				GCC_WARN_ABOUT_RETURN_TYPE = YES_ERROR;
				GCC_WARN_UNDECLARED_SELECTOR = YES;
				GCC_WARN_UNINITIALIZED_AUTOS = YES_AGGRESSIVE;
				GCC_WARN_UNUSED_FUNCTION = YES;
				GCC_WARN_UNUSED_VARIABLE = YES;
				MTL_ENABLE_DEBUG_INFO = NO;
				MTL_FAST_MATH = YES;
				SWIFT_COMPILATION_MODE = wholemodule;
				SWIFT_OPTIMIZATION_LEVEL = "-O";
			};
			name = Release;
		};
		617789D42856A1F400BD43D7 /* Debug */ = {
			isa = XCBuildConfiguration;
			buildSettings = {
				ALWAYS_EMBED_SWIFT_STANDARD_LIBRARIES = YES;
				ASSETCATALOG_COMPILER_APPICON_NAME = AppIcon;
				ASSETCATALOG_COMPILER_GLOBAL_ACCENT_COLOR_NAME = AccentColor;
				CODE_SIGN_ENTITLEMENTS = Pomodoro/Pomodoro.entitlements;
				CODE_SIGN_IDENTITY = "Apple Development";
				CODE_SIGN_STYLE = Automatic;
				CURRENT_PROJECT_VERSION = 1;
				DEAD_CODE_STRIPPING = YES;
				DEVELOPMENT_ASSET_PATHS = "\"Pomodoro/Preview Content\"";
				DEVELOPMENT_TEAM = B5RQ2EJVKL;
				ENABLE_HARDENED_RUNTIME = YES;
				ENABLE_PREVIEWS = YES;
				GENERATE_INFOPLIST_FILE = YES;
				INFOPLIST_FILE = Pomodoro/Info.plist;
				INFOPLIST_KEY_NSSupportsLiveActivities = YES;
				"INFOPLIST_KEY_UILaunchScreen_Generation[sdk=iphoneos*]" = YES;
				"INFOPLIST_KEY_UILaunchScreen_Generation[sdk=iphonesimulator*]" = YES;
				INFOPLIST_KEY_UIStatusBarStyle = UIStatusBarStyleLightContent;
				INFOPLIST_KEY_UISupportedInterfaceOrientations_iPad = "UIInterfaceOrientationPortrait UIInterfaceOrientationPortraitUpsideDown UIInterfaceOrientationLandscapeLeft UIInterfaceOrientationLandscapeRight";
				INFOPLIST_KEY_UISupportedInterfaceOrientations_iPhone = UIInterfaceOrientationPortrait;
				IPHONEOS_DEPLOYMENT_TARGET = 16.0;
				LD_RUNPATH_SEARCH_PATHS = "@executable_path/Frameworks";
				"LD_RUNPATH_SEARCH_PATHS[sdk=macosx*]" = "@executable_path/../Frameworks";
				MACOSX_DEPLOYMENT_TARGET = 13.0;
				MARKETING_VERSION = 1.0;
				PRODUCT_BUNDLE_IDENTIFIER = "com.po-gl-a.Pomodoro";
				PRODUCT_NAME = "$(TARGET_NAME)";
				PROVISIONING_PROFILE_SPECIFIER = "";
				SDKROOT = auto;
				SUPPORTED_PLATFORMS = "iphoneos iphonesimulator macosx";
				SWIFT_EMIT_LOC_STRINGS = YES;
				SWIFT_VERSION = 5.0;
				TARGETED_DEVICE_FAMILY = "1,2";
			};
			name = Debug;
		};
		617789D52856A1F400BD43D7 /* Release */ = {
			isa = XCBuildConfiguration;
			buildSettings = {
				ALWAYS_EMBED_SWIFT_STANDARD_LIBRARIES = YES;
				ASSETCATALOG_COMPILER_APPICON_NAME = AppIcon;
				ASSETCATALOG_COMPILER_GLOBAL_ACCENT_COLOR_NAME = AccentColor;
				CODE_SIGN_ENTITLEMENTS = Pomodoro/Pomodoro.entitlements;
				CODE_SIGN_IDENTITY = "Apple Development";
				CODE_SIGN_STYLE = Automatic;
				CURRENT_PROJECT_VERSION = 1;
				DEAD_CODE_STRIPPING = YES;
				DEVELOPMENT_ASSET_PATHS = "\"Pomodoro/Preview Content\"";
				DEVELOPMENT_TEAM = B5RQ2EJVKL;
				ENABLE_HARDENED_RUNTIME = YES;
				ENABLE_PREVIEWS = YES;
				GENERATE_INFOPLIST_FILE = YES;
				INFOPLIST_FILE = Pomodoro/Info.plist;
				INFOPLIST_KEY_NSSupportsLiveActivities = YES;
				"INFOPLIST_KEY_UILaunchScreen_Generation[sdk=iphoneos*]" = YES;
				"INFOPLIST_KEY_UILaunchScreen_Generation[sdk=iphonesimulator*]" = YES;
				INFOPLIST_KEY_UIStatusBarStyle = UIStatusBarStyleLightContent;
				INFOPLIST_KEY_UISupportedInterfaceOrientations_iPad = "UIInterfaceOrientationPortrait UIInterfaceOrientationPortraitUpsideDown UIInterfaceOrientationLandscapeLeft UIInterfaceOrientationLandscapeRight";
				INFOPLIST_KEY_UISupportedInterfaceOrientations_iPhone = UIInterfaceOrientationPortrait;
				IPHONEOS_DEPLOYMENT_TARGET = 16.0;
				LD_RUNPATH_SEARCH_PATHS = "@executable_path/Frameworks";
				"LD_RUNPATH_SEARCH_PATHS[sdk=macosx*]" = "@executable_path/../Frameworks";
				MACOSX_DEPLOYMENT_TARGET = 13.0;
				MARKETING_VERSION = 1.0;
				PRODUCT_BUNDLE_IDENTIFIER = "com.po-gl-a.Pomodoro";
				PRODUCT_NAME = "$(TARGET_NAME)";
				PROVISIONING_PROFILE_SPECIFIER = "";
				SDKROOT = auto;
				SUPPORTED_PLATFORMS = "iphoneos iphonesimulator macosx";
				SWIFT_EMIT_LOC_STRINGS = YES;
				SWIFT_VERSION = 5.0;
				TARGETED_DEVICE_FAMILY = "1,2";
			};
			name = Release;
		};
		617789D72856A1F400BD43D7 /* Debug */ = {
			isa = XCBuildConfiguration;
			buildSettings = {
				ALWAYS_EMBED_SWIFT_STANDARD_LIBRARIES = YES;
				BUNDLE_LOADER = "$(TEST_HOST)";
				CODE_SIGN_STYLE = Automatic;
				CURRENT_PROJECT_VERSION = 1;
				DEAD_CODE_STRIPPING = YES;
				DEVELOPMENT_TEAM = B5RQ2EJVKL;
				GENERATE_INFOPLIST_FILE = YES;
				IPHONEOS_DEPLOYMENT_TARGET = 16.0;
				MACOSX_DEPLOYMENT_TARGET = 13.0;
				MARKETING_VERSION = 1.0;
				PRODUCT_BUNDLE_IDENTIFIER = "com.po-gl-a.PomodoroTests";
				PRODUCT_NAME = "$(TARGET_NAME)";
				SDKROOT = auto;
				SUPPORTED_PLATFORMS = "iphoneos iphonesimulator macosx";
				SWIFT_EMIT_LOC_STRINGS = NO;
				SWIFT_VERSION = 5.0;
				TARGETED_DEVICE_FAMILY = "1,2";
				TEST_HOST = "$(BUILT_PRODUCTS_DIR)/Pomodoro.app/$(BUNDLE_EXECUTABLE_FOLDER_PATH)/Pomodoro";
			};
			name = Debug;
		};
		617789D82856A1F400BD43D7 /* Release */ = {
			isa = XCBuildConfiguration;
			buildSettings = {
				ALWAYS_EMBED_SWIFT_STANDARD_LIBRARIES = YES;
				BUNDLE_LOADER = "$(TEST_HOST)";
				CODE_SIGN_STYLE = Automatic;
				CURRENT_PROJECT_VERSION = 1;
				DEAD_CODE_STRIPPING = YES;
				DEVELOPMENT_TEAM = B5RQ2EJVKL;
				GENERATE_INFOPLIST_FILE = YES;
				IPHONEOS_DEPLOYMENT_TARGET = 16.0;
				MACOSX_DEPLOYMENT_TARGET = 13.0;
				MARKETING_VERSION = 1.0;
				PRODUCT_BUNDLE_IDENTIFIER = "com.po-gl-a.PomodoroTests";
				PRODUCT_NAME = "$(TARGET_NAME)";
				SDKROOT = auto;
				SUPPORTED_PLATFORMS = "iphoneos iphonesimulator macosx";
				SWIFT_EMIT_LOC_STRINGS = NO;
				SWIFT_VERSION = 5.0;
				TARGETED_DEVICE_FAMILY = "1,2";
				TEST_HOST = "$(BUILT_PRODUCTS_DIR)/Pomodoro.app/$(BUNDLE_EXECUTABLE_FOLDER_PATH)/Pomodoro";
			};
			name = Release;
		};
		617789DA2856A1F400BD43D7 /* Debug */ = {
			isa = XCBuildConfiguration;
			buildSettings = {
				ALWAYS_EMBED_SWIFT_STANDARD_LIBRARIES = YES;
				CODE_SIGN_STYLE = Automatic;
				CURRENT_PROJECT_VERSION = 1;
				DEAD_CODE_STRIPPING = YES;
				DEVELOPMENT_TEAM = B5RQ2EJVKL;
				GENERATE_INFOPLIST_FILE = YES;
				IPHONEOS_DEPLOYMENT_TARGET = 16.0;
				MACOSX_DEPLOYMENT_TARGET = 13.0;
				MARKETING_VERSION = 1.0;
				PRODUCT_BUNDLE_IDENTIFIER = "com.po-gl-a.PomodoroUITests";
				PRODUCT_NAME = "$(TARGET_NAME)";
				SDKROOT = auto;
				SUPPORTED_PLATFORMS = "iphoneos iphonesimulator macosx";
				SWIFT_EMIT_LOC_STRINGS = NO;
				SWIFT_VERSION = 5.0;
				TARGETED_DEVICE_FAMILY = "1,2";
				TEST_TARGET_NAME = Pomodoro;
			};
			name = Debug;
		};
		617789DB2856A1F400BD43D7 /* Release */ = {
			isa = XCBuildConfiguration;
			buildSettings = {
				ALWAYS_EMBED_SWIFT_STANDARD_LIBRARIES = YES;
				CODE_SIGN_STYLE = Automatic;
				CURRENT_PROJECT_VERSION = 1;
				DEAD_CODE_STRIPPING = YES;
				DEVELOPMENT_TEAM = B5RQ2EJVKL;
				GENERATE_INFOPLIST_FILE = YES;
				IPHONEOS_DEPLOYMENT_TARGET = 16.0;
				MACOSX_DEPLOYMENT_TARGET = 13.0;
				MARKETING_VERSION = 1.0;
				PRODUCT_BUNDLE_IDENTIFIER = "com.po-gl-a.PomodoroUITests";
				PRODUCT_NAME = "$(TARGET_NAME)";
				SDKROOT = auto;
				SUPPORTED_PLATFORMS = "iphoneos iphonesimulator macosx";
				SWIFT_EMIT_LOC_STRINGS = NO;
				SWIFT_VERSION = 5.0;
				TARGETED_DEVICE_FAMILY = "1,2";
				TEST_TARGET_NAME = Pomodoro;
			};
			name = Release;
		};
		61FAEAD029065FDE00CACF78 /* Debug */ = {
			isa = XCBuildConfiguration;
			buildSettings = {
				ALWAYS_EMBED_SWIFT_STANDARD_LIBRARIES = YES;
				ASSETCATALOG_COMPILER_APPICON_NAME = AppIcon;
				ASSETCATALOG_COMPILER_GLOBAL_ACCENT_COLOR_NAME = AccentColor;
				CLANG_CXX_LANGUAGE_STANDARD = "gnu++20";
				CODE_SIGN_ENTITLEMENTS = "PomodoroWatch Watch App/PomodoroWatch Watch App.entitlements";
				CODE_SIGN_STYLE = Automatic;
				CURRENT_PROJECT_VERSION = 1;
				DEVELOPMENT_ASSET_PATHS = "\"PomodoroWatch Watch App/Preview Content\"";
				DEVELOPMENT_TEAM = B5RQ2EJVKL;
				ENABLE_PREVIEWS = YES;
				GENERATE_INFOPLIST_FILE = YES;
				INFOPLIST_FILE = "PomodoroWatch-Watch-App-Info.plist";
				INFOPLIST_KEY_CFBundleDisplayName = PomodoroWatch;
				INFOPLIST_KEY_UISupportedInterfaceOrientations = "UIInterfaceOrientationPortrait UIInterfaceOrientationPortraitUpsideDown";
				INFOPLIST_KEY_WKCompanionAppBundleIdentifier = "";
				INFOPLIST_KEY_WKRunsIndependentlyOfCompanionApp = YES;
				LD_RUNPATH_SEARCH_PATHS = (
					"$(inherited)",
					"@executable_path/Frameworks",
				);
				MARKETING_VERSION = 1.0;
				PRODUCT_BUNDLE_IDENTIFIER = .a.PomodoroWatch;
				PRODUCT_NAME = "$(TARGET_NAME)";
				SDKROOT = watchos;
				SKIP_INSTALL = YES;
				SWIFT_EMIT_LOC_STRINGS = YES;
				SWIFT_VERSION = 5.0;
				TARGETED_DEVICE_FAMILY = 4;
				WATCHOS_DEPLOYMENT_TARGET = 9.0;
			};
			name = Debug;
		};
		61FAEAD129065FDE00CACF78 /* Release */ = {
			isa = XCBuildConfiguration;
			buildSettings = {
				ALWAYS_EMBED_SWIFT_STANDARD_LIBRARIES = YES;
				ASSETCATALOG_COMPILER_APPICON_NAME = AppIcon;
				ASSETCATALOG_COMPILER_GLOBAL_ACCENT_COLOR_NAME = AccentColor;
				CLANG_CXX_LANGUAGE_STANDARD = "gnu++20";
				CODE_SIGN_ENTITLEMENTS = "PomodoroWatch Watch App/PomodoroWatch Watch App.entitlements";
				CODE_SIGN_STYLE = Automatic;
				CURRENT_PROJECT_VERSION = 1;
				DEVELOPMENT_ASSET_PATHS = "\"PomodoroWatch Watch App/Preview Content\"";
				DEVELOPMENT_TEAM = B5RQ2EJVKL;
				ENABLE_PREVIEWS = YES;
				GENERATE_INFOPLIST_FILE = YES;
				INFOPLIST_FILE = "PomodoroWatch-Watch-App-Info.plist";
				INFOPLIST_KEY_CFBundleDisplayName = PomodoroWatch;
				INFOPLIST_KEY_UISupportedInterfaceOrientations = "UIInterfaceOrientationPortrait UIInterfaceOrientationPortraitUpsideDown";
				INFOPLIST_KEY_WKCompanionAppBundleIdentifier = "";
				INFOPLIST_KEY_WKRunsIndependentlyOfCompanionApp = YES;
				LD_RUNPATH_SEARCH_PATHS = (
					"$(inherited)",
					"@executable_path/Frameworks",
				);
				MARKETING_VERSION = 1.0;
				PRODUCT_BUNDLE_IDENTIFIER = .a.PomodoroWatch;
				PRODUCT_NAME = "$(TARGET_NAME)";
				SDKROOT = watchos;
				SKIP_INSTALL = YES;
				SWIFT_EMIT_LOC_STRINGS = YES;
				SWIFT_VERSION = 5.0;
				TARGETED_DEVICE_FAMILY = 4;
				VALIDATE_PRODUCT = YES;
				WATCHOS_DEPLOYMENT_TARGET = 9.0;
			};
			name = Release;
		};
		61FAEAD329065FDE00CACF78 /* Debug */ = {
			isa = XCBuildConfiguration;
			buildSettings = {
				ALWAYS_EMBED_SWIFT_STANDARD_LIBRARIES = YES;
				BUNDLE_LOADER = "$(TEST_HOST)";
				CLANG_CXX_LANGUAGE_STANDARD = "gnu++20";
				CODE_SIGN_STYLE = Automatic;
				CURRENT_PROJECT_VERSION = 1;
				DEVELOPMENT_TEAM = B5RQ2EJVKL;
				GENERATE_INFOPLIST_FILE = YES;
				MARKETING_VERSION = 1.0;
				PRODUCT_BUNDLE_IDENTIFIER = ".a.PomodoroWatch-Watch-Tests";
				PRODUCT_NAME = "$(TARGET_NAME)";
				SDKROOT = watchos;
				SWIFT_EMIT_LOC_STRINGS = NO;
				SWIFT_VERSION = 5.0;
				TARGETED_DEVICE_FAMILY = 4;
				TEST_HOST = "$(BUILT_PRODUCTS_DIR)/PomodoroWatch Watch App.app/$(BUNDLE_EXECUTABLE_FOLDER_PATH)/PomodoroWatch Watch App";
				WATCHOS_DEPLOYMENT_TARGET = 9.1;
			};
			name = Debug;
		};
		61FAEAD429065FDE00CACF78 /* Release */ = {
			isa = XCBuildConfiguration;
			buildSettings = {
				ALWAYS_EMBED_SWIFT_STANDARD_LIBRARIES = YES;
				BUNDLE_LOADER = "$(TEST_HOST)";
				CLANG_CXX_LANGUAGE_STANDARD = "gnu++20";
				CODE_SIGN_STYLE = Automatic;
				CURRENT_PROJECT_VERSION = 1;
				DEVELOPMENT_TEAM = B5RQ2EJVKL;
				GENERATE_INFOPLIST_FILE = YES;
				MARKETING_VERSION = 1.0;
				PRODUCT_BUNDLE_IDENTIFIER = ".a.PomodoroWatch-Watch-Tests";
				PRODUCT_NAME = "$(TARGET_NAME)";
				SDKROOT = watchos;
				SWIFT_EMIT_LOC_STRINGS = NO;
				SWIFT_VERSION = 5.0;
				TARGETED_DEVICE_FAMILY = 4;
				TEST_HOST = "$(BUILT_PRODUCTS_DIR)/PomodoroWatch Watch App.app/$(BUNDLE_EXECUTABLE_FOLDER_PATH)/PomodoroWatch Watch App";
				VALIDATE_PRODUCT = YES;
				WATCHOS_DEPLOYMENT_TARGET = 9.1;
			};
			name = Release;
		};
		61FAEAD629065FDE00CACF78 /* Debug */ = {
			isa = XCBuildConfiguration;
			buildSettings = {
				ALWAYS_EMBED_SWIFT_STANDARD_LIBRARIES = YES;
				CLANG_CXX_LANGUAGE_STANDARD = "gnu++20";
				CODE_SIGN_STYLE = Automatic;
				CURRENT_PROJECT_VERSION = 1;
				DEVELOPMENT_TEAM = B5RQ2EJVKL;
				GENERATE_INFOPLIST_FILE = YES;
				MARKETING_VERSION = 1.0;
				PRODUCT_BUNDLE_IDENTIFIER = ".a.PomodoroWatch-Watch-AppUITests";
				PRODUCT_NAME = "$(TARGET_NAME)";
				SDKROOT = watchos;
				SWIFT_EMIT_LOC_STRINGS = NO;
				SWIFT_VERSION = 5.0;
				TARGETED_DEVICE_FAMILY = 4;
				TEST_TARGET_NAME = "PomodoroWatch Watch App";
				WATCHOS_DEPLOYMENT_TARGET = 9.1;
			};
			name = Debug;
		};
		61FAEAD729065FDE00CACF78 /* Release */ = {
			isa = XCBuildConfiguration;
			buildSettings = {
				ALWAYS_EMBED_SWIFT_STANDARD_LIBRARIES = YES;
				CLANG_CXX_LANGUAGE_STANDARD = "gnu++20";
				CODE_SIGN_STYLE = Automatic;
				CURRENT_PROJECT_VERSION = 1;
				DEVELOPMENT_TEAM = B5RQ2EJVKL;
				GENERATE_INFOPLIST_FILE = YES;
				MARKETING_VERSION = 1.0;
				PRODUCT_BUNDLE_IDENTIFIER = ".a.PomodoroWatch-Watch-AppUITests";
				PRODUCT_NAME = "$(TARGET_NAME)";
				SDKROOT = watchos;
				SWIFT_EMIT_LOC_STRINGS = NO;
				SWIFT_VERSION = 5.0;
				TARGETED_DEVICE_FAMILY = 4;
				TEST_TARGET_NAME = "PomodoroWatch Watch App";
				VALIDATE_PRODUCT = YES;
				WATCHOS_DEPLOYMENT_TARGET = 9.1;
			};
			name = Release;
		};
/* End XCBuildConfiguration section */

/* Begin XCConfigurationList section */
		612D8F91290B63190089CDD1 /* Build configuration list for PBXNativeTarget "WatchWidgetExtension" */ = {
			isa = XCConfigurationList;
			buildConfigurations = (
				612D8F92290B63190089CDD1 /* Debug */,
				612D8F93290B63190089CDD1 /* Release */,
			);
			defaultConfigurationIsVisible = 0;
			defaultConfigurationName = Release;
		};
		6172B4BD297F5EC700E53D8F /* Build configuration list for PBXNativeTarget "iOSWidgetExtension" */ = {
			isa = XCConfigurationList;
			buildConfigurations = (
				6172B4BE297F5EC700E53D8F /* Debug */,
				6172B4BF297F5EC700E53D8F /* Release */,
			);
			defaultConfigurationIsVisible = 0;
			defaultConfigurationName = Release;
		};
		617789A92856A1F300BD43D7 /* Build configuration list for PBXProject "Pomodoro" */ = {
			isa = XCConfigurationList;
			buildConfigurations = (
				617789D12856A1F400BD43D7 /* Debug */,
				617789D22856A1F400BD43D7 /* Release */,
			);
			defaultConfigurationIsVisible = 0;
			defaultConfigurationName = Release;
		};
		617789D32856A1F400BD43D7 /* Build configuration list for PBXNativeTarget "Pomodoro" */ = {
			isa = XCConfigurationList;
			buildConfigurations = (
				617789D42856A1F400BD43D7 /* Debug */,
				617789D52856A1F400BD43D7 /* Release */,
			);
			defaultConfigurationIsVisible = 0;
			defaultConfigurationName = Release;
		};
		617789D62856A1F400BD43D7 /* Build configuration list for PBXNativeTarget "PomodoroTests" */ = {
			isa = XCConfigurationList;
			buildConfigurations = (
				617789D72856A1F400BD43D7 /* Debug */,
				617789D82856A1F400BD43D7 /* Release */,
			);
			defaultConfigurationIsVisible = 0;
			defaultConfigurationName = Release;
		};
		617789D92856A1F400BD43D7 /* Build configuration list for PBXNativeTarget "PomodoroUITests" */ = {
			isa = XCConfigurationList;
			buildConfigurations = (
				617789DA2856A1F400BD43D7 /* Debug */,
				617789DB2856A1F400BD43D7 /* Release */,
			);
			defaultConfigurationIsVisible = 0;
			defaultConfigurationName = Release;
		};
		61FAEACF29065FDE00CACF78 /* Build configuration list for PBXNativeTarget "PomodoroWatch Watch App" */ = {
			isa = XCConfigurationList;
			buildConfigurations = (
				61FAEAD029065FDE00CACF78 /* Debug */,
				61FAEAD129065FDE00CACF78 /* Release */,
			);
			defaultConfigurationIsVisible = 0;
			defaultConfigurationName = Release;
		};
		61FAEAD229065FDE00CACF78 /* Build configuration list for PBXNativeTarget "PomodoroWatch Watch AppTests" */ = {
			isa = XCConfigurationList;
			buildConfigurations = (
				61FAEAD329065FDE00CACF78 /* Debug */,
				61FAEAD429065FDE00CACF78 /* Release */,
			);
			defaultConfigurationIsVisible = 0;
			defaultConfigurationName = Release;
		};
		61FAEAD529065FDE00CACF78 /* Build configuration list for PBXNativeTarget "PomodoroWatch Watch AppUITests" */ = {
			isa = XCConfigurationList;
			buildConfigurations = (
				61FAEAD629065FDE00CACF78 /* Debug */,
				61FAEAD729065FDE00CACF78 /* Release */,
			);
			defaultConfigurationIsVisible = 0;
			defaultConfigurationName = Release;
		};
/* End XCConfigurationList section */
	};
	rootObject = 617789A62856A1F300BD43D7 /* Project object */;
}
