// !$*UTF8*$!
{
	archiveVersion = 1;
	classes = {
	};
	objectVersion = 56;
	objects = {

/* Begin PBXBuildFile section */
		612B9088285CC863003F1990 /* TimeInterval+formatter.swift in Sources */ = {isa = PBXBuildFile; fileRef = 612B9087285CC863003F1990 /* TimeInterval+formatter.swift */; };
		612B908A285CD2E4003F1990 /* Color+hex.swift in Sources */ = {isa = PBXBuildFile; fileRef = 612B9089285CD2E4003F1990 /* Color+hex.swift */; };
		613D6D9C285C82FD0020C194 /* SequenceTimer.swift in Sources */ = {isa = PBXBuildFile; fileRef = 613D6D9B285C82FD0020C194 /* SequenceTimer.swift */; };
		613D6D9E285C85FE0020C194 /* SequenceTimerTests.swift in Sources */ = {isa = PBXBuildFile; fileRef = 613D6D9D285C85FE0020C194 /* SequenceTimerTests.swift */; };
		613D6D9F285C890F0020C194 /* SequenceTimer.swift in Sources */ = {isa = PBXBuildFile; fileRef = 613D6D9B285C82FD0020C194 /* SequenceTimer.swift */; };
		617789B22856A1F300BD43D7 /* PomodoroApp.swift in Sources */ = {isa = PBXBuildFile; fileRef = 617789B12856A1F300BD43D7 /* PomodoroApp.swift */; };
		617789B62856A1F300BD43D7 /* Assets.xcassets in Resources */ = {isa = PBXBuildFile; fileRef = 617789B52856A1F300BD43D7 /* Assets.xcassets */; };
		617789BA2856A1F300BD43D7 /* Preview Assets.xcassets in Resources */ = {isa = PBXBuildFile; fileRef = 617789B92856A1F300BD43D7 /* Preview Assets.xcassets */; };
		617789C42856A1F400BD43D7 /* PomodoroTests.swift in Sources */ = {isa = PBXBuildFile; fileRef = 617789C32856A1F400BD43D7 /* PomodoroTests.swift */; };
		617789CE2856A1F400BD43D7 /* PomodoroUITests.swift in Sources */ = {isa = PBXBuildFile; fileRef = 617789CD2856A1F400BD43D7 /* PomodoroUITests.swift */; };
		617789D02856A1F400BD43D7 /* PomodoroUITestsLaunchTests.swift in Sources */ = {isa = PBXBuildFile; fileRef = 617789CF2856A1F400BD43D7 /* PomodoroUITestsLaunchTests.swift */; };
		617789DE2856A38C00BD43D7 /* ContentView.swift in Sources */ = {isa = PBXBuildFile; fileRef = 617789B32856A1F300BD43D7 /* ContentView.swift */; };
		61B17251285CFCBB001C8245 /* View+Modifier.swift in Sources */ = {isa = PBXBuildFile; fileRef = 61B17250285CFCBB001C8245 /* View+Modifier.swift */; };
		61B17253285CFCF8001C8245 /* UIView+ClosestVC.swift in Sources */ = {isa = PBXBuildFile; fileRef = 61B17252285CFCF8001C8245 /* UIView+ClosestVC.swift */; };
		61B17256285CFD5C001C8245 /* AlwaysPopoverModifier.swift in Sources */ = {isa = PBXBuildFile; fileRef = 61B17255285CFD5C001C8245 /* AlwaysPopoverModifier.swift */; };
		61B17258285CFE26001C8245 /* PopoverContentViewController.swift in Sources */ = {isa = PBXBuildFile; fileRef = 61B17257285CFE26001C8245 /* PopoverContentViewController.swift */; };
		61F4220F2900AC350036400A /* ProgressBar.swift in Sources */ = {isa = PBXBuildFile; fileRef = 61F4220E2900AC350036400A /* ProgressBar.swift */; };
		61F5C220285CE482002BE18E /* TimePicker.swift in Sources */ = {isa = PBXBuildFile; fileRef = 61F5C21F285CE482002BE18E /* TimePicker.swift */; };
/* End PBXBuildFile section */

/* Begin PBXContainerItemProxy section */
		617789C02856A1F400BD43D7 /* PBXContainerItemProxy */ = {
			isa = PBXContainerItemProxy;
			containerPortal = 617789A62856A1F300BD43D7 /* Project object */;
			proxyType = 1;
			remoteGlobalIDString = 617789AD2856A1F300BD43D7;
			remoteInfo = Pomodoro;
		};
		617789CA2856A1F400BD43D7 /* PBXContainerItemProxy */ = {
			isa = PBXContainerItemProxy;
			containerPortal = 617789A62856A1F300BD43D7 /* Project object */;
			proxyType = 1;
			remoteGlobalIDString = 617789AD2856A1F300BD43D7;
			remoteInfo = Pomodoro;
		};
/* End PBXContainerItemProxy section */

/* Begin PBXFileReference section */
		612B9087285CC863003F1990 /* TimeInterval+formatter.swift */ = {isa = PBXFileReference; lastKnownFileType = sourcecode.swift; path = "TimeInterval+formatter.swift"; sourceTree = "<group>"; };
		612B9089285CD2E4003F1990 /* Color+hex.swift */ = {isa = PBXFileReference; lastKnownFileType = sourcecode.swift; path = "Color+hex.swift"; sourceTree = "<group>"; };
		613D6D9B285C82FD0020C194 /* SequenceTimer.swift */ = {isa = PBXFileReference; lastKnownFileType = sourcecode.swift; path = SequenceTimer.swift; sourceTree = "<group>"; };
		613D6D9D285C85FE0020C194 /* SequenceTimerTests.swift */ = {isa = PBXFileReference; lastKnownFileType = sourcecode.swift; path = SequenceTimerTests.swift; sourceTree = "<group>"; };
		617789AE2856A1F300BD43D7 /* Pomodoro.app */ = {isa = PBXFileReference; explicitFileType = wrapper.application; includeInIndex = 0; path = Pomodoro.app; sourceTree = BUILT_PRODUCTS_DIR; };
		617789B12856A1F300BD43D7 /* PomodoroApp.swift */ = {isa = PBXFileReference; lastKnownFileType = sourcecode.swift; path = PomodoroApp.swift; sourceTree = "<group>"; };
		617789B32856A1F300BD43D7 /* ContentView.swift */ = {isa = PBXFileReference; lastKnownFileType = sourcecode.swift; path = ContentView.swift; sourceTree = "<group>"; };
		617789B52856A1F300BD43D7 /* Assets.xcassets */ = {isa = PBXFileReference; lastKnownFileType = folder.assetcatalog; path = Assets.xcassets; sourceTree = "<group>"; };
		617789B72856A1F300BD43D7 /* Pomodoro.entitlements */ = {isa = PBXFileReference; lastKnownFileType = text.plist.entitlements; path = Pomodoro.entitlements; sourceTree = "<group>"; };
		617789B92856A1F300BD43D7 /* Preview Assets.xcassets */ = {isa = PBXFileReference; lastKnownFileType = folder.assetcatalog; path = "Preview Assets.xcassets"; sourceTree = "<group>"; };
		617789BF2856A1F400BD43D7 /* PomodoroTests.xctest */ = {isa = PBXFileReference; explicitFileType = wrapper.cfbundle; includeInIndex = 0; path = PomodoroTests.xctest; sourceTree = BUILT_PRODUCTS_DIR; };
		617789C32856A1F400BD43D7 /* PomodoroTests.swift */ = {isa = PBXFileReference; lastKnownFileType = sourcecode.swift; path = PomodoroTests.swift; sourceTree = "<group>"; };
		617789C92856A1F400BD43D7 /* PomodoroUITests.xctest */ = {isa = PBXFileReference; explicitFileType = wrapper.cfbundle; includeInIndex = 0; path = PomodoroUITests.xctest; sourceTree = BUILT_PRODUCTS_DIR; };
		617789CD2856A1F400BD43D7 /* PomodoroUITests.swift */ = {isa = PBXFileReference; lastKnownFileType = sourcecode.swift; path = PomodoroUITests.swift; sourceTree = "<group>"; };
		617789CF2856A1F400BD43D7 /* PomodoroUITestsLaunchTests.swift */ = {isa = PBXFileReference; lastKnownFileType = sourcecode.swift; path = PomodoroUITestsLaunchTests.swift; sourceTree = "<group>"; };
		61B17250285CFCBB001C8245 /* View+Modifier.swift */ = {isa = PBXFileReference; lastKnownFileType = sourcecode.swift; path = "View+Modifier.swift"; sourceTree = "<group>"; };
		61B17252285CFCF8001C8245 /* UIView+ClosestVC.swift */ = {isa = PBXFileReference; lastKnownFileType = sourcecode.swift; path = "UIView+ClosestVC.swift"; sourceTree = "<group>"; };
		61B17255285CFD5C001C8245 /* AlwaysPopoverModifier.swift */ = {isa = PBXFileReference; lastKnownFileType = sourcecode.swift; path = AlwaysPopoverModifier.swift; sourceTree = "<group>"; };
		61B17257285CFE26001C8245 /* PopoverContentViewController.swift */ = {isa = PBXFileReference; lastKnownFileType = sourcecode.swift; path = PopoverContentViewController.swift; sourceTree = "<group>"; };
		61F4220E2900AC350036400A /* ProgressBar.swift */ = {isa = PBXFileReference; lastKnownFileType = sourcecode.swift; path = ProgressBar.swift; sourceTree = "<group>"; };
		61F5C21F285CE482002BE18E /* TimePicker.swift */ = {isa = PBXFileReference; lastKnownFileType = sourcecode.swift; path = TimePicker.swift; sourceTree = "<group>"; };
/* End PBXFileReference section */

/* Begin PBXFrameworksBuildPhase section */
		617789AB2856A1F300BD43D7 /* Frameworks */ = {
			isa = PBXFrameworksBuildPhase;
			buildActionMask = 2147483647;
			files = (
			);
			runOnlyForDeploymentPostprocessing = 0;
		};
		617789BC2856A1F400BD43D7 /* Frameworks */ = {
			isa = PBXFrameworksBuildPhase;
			buildActionMask = 2147483647;
			files = (
			);
			runOnlyForDeploymentPostprocessing = 0;
		};
		617789C62856A1F400BD43D7 /* Frameworks */ = {
			isa = PBXFrameworksBuildPhase;
			buildActionMask = 2147483647;
			files = (
			);
			runOnlyForDeploymentPostprocessing = 0;
		};
/* End PBXFrameworksBuildPhase section */

/* Begin PBXGroup section */
		612B9085285CC80D003F1990 /* Extensions */ = {
			isa = PBXGroup;
			children = (
				612B9087285CC863003F1990 /* TimeInterval+formatter.swift */,
				612B9089285CD2E4003F1990 /* Color+hex.swift */,
				61B17250285CFCBB001C8245 /* View+Modifier.swift */,
				61B17252285CFCF8001C8245 /* UIView+ClosestVC.swift */,
			);
			path = Extensions;
			sourceTree = "<group>";
		};
		617789A52856A1F200BD43D7 = {
			isa = PBXGroup;
			children = (
				617789B02856A1F300BD43D7 /* Pomodoro */,
				617789C22856A1F400BD43D7 /* PomodoroTests */,
				617789CC2856A1F400BD43D7 /* PomodoroUITests */,
				617789AF2856A1F300BD43D7 /* Products */,
			);
			sourceTree = "<group>";
		};
		617789AF2856A1F300BD43D7 /* Products */ = {
			isa = PBXGroup;
			children = (
				617789AE2856A1F300BD43D7 /* Pomodoro.app */,
				617789BF2856A1F400BD43D7 /* PomodoroTests.xctest */,
				617789C92856A1F400BD43D7 /* PomodoroUITests.xctest */,
			);
			name = Products;
			sourceTree = "<group>";
		};
		617789B02856A1F300BD43D7 /* Pomodoro */ = {
			isa = PBXGroup;
			children = (
				617789B12856A1F300BD43D7 /* PomodoroApp.swift */,
				61BEBD812856B17A00987514 /* Views */,
				61BEBD822856B1D400987514 /* Model */,
				612B9085285CC80D003F1990 /* Extensions */,
				613D6D9B285C82FD0020C194 /* SequenceTimer.swift */,
				617789B52856A1F300BD43D7 /* Assets.xcassets */,
				617789B72856A1F300BD43D7 /* Pomodoro.entitlements */,
				617789B82856A1F300BD43D7 /* Preview Content */,
			);
			path = Pomodoro;
			sourceTree = "<group>";
		};
		617789B82856A1F300BD43D7 /* Preview Content */ = {
			isa = PBXGroup;
			children = (
				617789B92856A1F300BD43D7 /* Preview Assets.xcassets */,
			);
			path = "Preview Content";
			sourceTree = "<group>";
		};
		617789C22856A1F400BD43D7 /* PomodoroTests */ = {
			isa = PBXGroup;
			children = (
				617789C32856A1F400BD43D7 /* PomodoroTests.swift */,
				613D6D9D285C85FE0020C194 /* SequenceTimerTests.swift */,
			);
			path = PomodoroTests;
			sourceTree = "<group>";
		};
		617789CC2856A1F400BD43D7 /* PomodoroUITests */ = {
			isa = PBXGroup;
			children = (
				617789CD2856A1F400BD43D7 /* PomodoroUITests.swift */,
				617789CF2856A1F400BD43D7 /* PomodoroUITestsLaunchTests.swift */,
			);
			path = PomodoroUITests;
			sourceTree = "<group>";
		};
		61B17254285CFD40001C8245 /* Helpers */ = {
			isa = PBXGroup;
			children = (
				61B17255285CFD5C001C8245 /* AlwaysPopoverModifier.swift */,
				61B17257285CFE26001C8245 /* PopoverContentViewController.swift */,
			);
			path = Helpers;
			sourceTree = "<group>";
		};
		61BEBD812856B17A00987514 /* Views */ = {
			isa = PBXGroup;
			children = (
				61B17254285CFD40001C8245 /* Helpers */,
				617789B32856A1F300BD43D7 /* ContentView.swift */,
				61F5C21F285CE482002BE18E /* TimePicker.swift */,
				61F4220E2900AC350036400A /* ProgressBar.swift */,
			);
			path = Views;
			sourceTree = "<group>";
		};
		61BEBD822856B1D400987514 /* Model */ = {
			isa = PBXGroup;
			children = (
			);
			path = Model;
			sourceTree = "<group>";
		};
/* End PBXGroup section */

/* Begin PBXNativeTarget section */
		617789AD2856A1F300BD43D7 /* Pomodoro */ = {
			isa = PBXNativeTarget;
			buildConfigurationList = 617789D32856A1F400BD43D7 /* Build configuration list for PBXNativeTarget "Pomodoro" */;
			buildPhases = (
				617789AA2856A1F300BD43D7 /* Sources */,
				617789AB2856A1F300BD43D7 /* Frameworks */,
				617789AC2856A1F300BD43D7 /* Resources */,
			);
			buildRules = (
			);
			dependencies = (
			);
			name = Pomodoro;
			productName = Pomodoro;
			productReference = 617789AE2856A1F300BD43D7 /* Pomodoro.app */;
			productType = "com.apple.product-type.application";
		};
		617789BE2856A1F400BD43D7 /* PomodoroTests */ = {
			isa = PBXNativeTarget;
			buildConfigurationList = 617789D62856A1F400BD43D7 /* Build configuration list for PBXNativeTarget "PomodoroTests" */;
			buildPhases = (
				617789BB2856A1F400BD43D7 /* Sources */,
				617789BC2856A1F400BD43D7 /* Frameworks */,
				617789BD2856A1F400BD43D7 /* Resources */,
			);
			buildRules = (
			);
			dependencies = (
				617789C12856A1F400BD43D7 /* PBXTargetDependency */,
			);
			name = PomodoroTests;
			productName = PomodoroTests;
			productReference = 617789BF2856A1F400BD43D7 /* PomodoroTests.xctest */;
			productType = "com.apple.product-type.bundle.unit-test";
		};
		617789C82856A1F400BD43D7 /* PomodoroUITests */ = {
			isa = PBXNativeTarget;
			buildConfigurationList = 617789D92856A1F400BD43D7 /* Build configuration list for PBXNativeTarget "PomodoroUITests" */;
			buildPhases = (
				617789C52856A1F400BD43D7 /* Sources */,
				617789C62856A1F400BD43D7 /* Frameworks */,
				617789C72856A1F400BD43D7 /* Resources */,
			);
			buildRules = (
			);
			dependencies = (
				617789CB2856A1F400BD43D7 /* PBXTargetDependency */,
			);
			name = PomodoroUITests;
			productName = PomodoroUITests;
			productReference = 617789C92856A1F400BD43D7 /* PomodoroUITests.xctest */;
			productType = "com.apple.product-type.bundle.ui-testing";
		};
/* End PBXNativeTarget section */

/* Begin PBXProject section */
		617789A62856A1F300BD43D7 /* Project object */ = {
			isa = PBXProject;
			attributes = {
				BuildIndependentTargetsInParallel = 1;
				LastSwiftUpdateCheck = 1400;
				LastUpgradeCheck = 1400;
				TargetAttributes = {
					617789AD2856A1F300BD43D7 = {
						CreatedOnToolsVersion = 14.0;
					};
					617789BE2856A1F400BD43D7 = {
						CreatedOnToolsVersion = 14.0;
						TestTargetID = 617789AD2856A1F300BD43D7;
					};
					617789C82856A1F400BD43D7 = {
						CreatedOnToolsVersion = 14.0;
						TestTargetID = 617789AD2856A1F300BD43D7;
					};
				};
			};
			buildConfigurationList = 617789A92856A1F300BD43D7 /* Build configuration list for PBXProject "Pomodoro" */;
			compatibilityVersion = "Xcode 14.0";
			developmentRegion = en;
			hasScannedForEncodings = 0;
			knownRegions = (
				en,
				Base,
			);
			mainGroup = 617789A52856A1F200BD43D7;
			productRefGroup = 617789AF2856A1F300BD43D7 /* Products */;
			projectDirPath = "";
			projectRoot = "";
			targets = (
				617789AD2856A1F300BD43D7 /* Pomodoro */,
				617789BE2856A1F400BD43D7 /* PomodoroTests */,
				617789C82856A1F400BD43D7 /* PomodoroUITests */,
			);
		};
/* End PBXProject section */

/* Begin PBXResourcesBuildPhase section */
		617789AC2856A1F300BD43D7 /* Resources */ = {
			isa = PBXResourcesBuildPhase;
			buildActionMask = 2147483647;
			files = (
				617789BA2856A1F300BD43D7 /* Preview Assets.xcassets in Resources */,
				617789B62856A1F300BD43D7 /* Assets.xcassets in Resources */,
			);
			runOnlyForDeploymentPostprocessing = 0;
		};
		617789BD2856A1F400BD43D7 /* Resources */ = {
			isa = PBXResourcesBuildPhase;
			buildActionMask = 2147483647;
			files = (
			);
			runOnlyForDeploymentPostprocessing = 0;
		};
		617789C72856A1F400BD43D7 /* Resources */ = {
			isa = PBXResourcesBuildPhase;
			buildActionMask = 2147483647;
			files = (
			);
			runOnlyForDeploymentPostprocessing = 0;
		};
/* End PBXResourcesBuildPhase section */

/* Begin PBXSourcesBuildPhase section */
		617789AA2856A1F300BD43D7 /* Sources */ = {
			isa = PBXSourcesBuildPhase;
			buildActionMask = 2147483647;
			files = (
				61B17258285CFE26001C8245 /* PopoverContentViewController.swift in Sources */,
				61F4220F2900AC350036400A /* ProgressBar.swift in Sources */,
				61F5C220285CE482002BE18E /* TimePicker.swift in Sources */,
				613D6D9C285C82FD0020C194 /* SequenceTimer.swift in Sources */,
				61B17256285CFD5C001C8245 /* AlwaysPopoverModifier.swift in Sources */,
				612B908A285CD2E4003F1990 /* Color+hex.swift in Sources */,
				61B17253285CFCF8001C8245 /* UIView+ClosestVC.swift in Sources */,
				61B17251285CFCBB001C8245 /* View+Modifier.swift in Sources */,
				617789DE2856A38C00BD43D7 /* ContentView.swift in Sources */,
				612B9088285CC863003F1990 /* TimeInterval+formatter.swift in Sources */,
				617789B22856A1F300BD43D7 /* PomodoroApp.swift in Sources */,
			);
			runOnlyForDeploymentPostprocessing = 0;
		};
		617789BB2856A1F400BD43D7 /* Sources */ = {
			isa = PBXSourcesBuildPhase;
			buildActionMask = 2147483647;
			files = (
				617789C42856A1F400BD43D7 /* PomodoroTests.swift in Sources */,
				613D6D9E285C85FE0020C194 /* SequenceTimerTests.swift in Sources */,
				613D6D9F285C890F0020C194 /* SequenceTimer.swift in Sources */,
			);
			runOnlyForDeploymentPostprocessing = 0;
		};
		617789C52856A1F400BD43D7 /* Sources */ = {
			isa = PBXSourcesBuildPhase;
			buildActionMask = 2147483647;
			files = (
				617789D02856A1F400BD43D7 /* PomodoroUITestsLaunchTests.swift in Sources */,
				617789CE2856A1F400BD43D7 /* PomodoroUITests.swift in Sources */,
			);
			runOnlyForDeploymentPostprocessing = 0;
		};
/* End PBXSourcesBuildPhase section */

/* Begin PBXTargetDependency section */
		617789C12856A1F400BD43D7 /* PBXTargetDependency */ = {
			isa = PBXTargetDependency;
			target = 617789AD2856A1F300BD43D7 /* Pomodoro */;
			targetProxy = 617789C02856A1F400BD43D7 /* PBXContainerItemProxy */;
		};
		617789CB2856A1F400BD43D7 /* PBXTargetDependency */ = {
			isa = PBXTargetDependency;
			target = 617789AD2856A1F300BD43D7 /* Pomodoro */;
			targetProxy = 617789CA2856A1F400BD43D7 /* PBXContainerItemProxy */;
		};
/* End PBXTargetDependency section */

/* Begin XCBuildConfiguration section */
		617789D12856A1F400BD43D7 /* Debug */ = {
			isa = XCBuildConfiguration;
			buildSettings = {
				ALWAYS_SEARCH_USER_PATHS = NO;
				CLANG_ANALYZER_NONNULL = YES;
				CLANG_ANALYZER_NUMBER_OBJECT_CONVERSION = YES_AGGRESSIVE;
				CLANG_CXX_LANGUAGE_STANDARD = "gnu++17";
				CLANG_ENABLE_MODULES = YES;
				CLANG_ENABLE_OBJC_ARC = YES;
				CLANG_ENABLE_OBJC_WEAK = YES;
				CLANG_WARN_BLOCK_CAPTURE_AUTORELEASING = YES;
				CLANG_WARN_BOOL_CONVERSION = YES;
				CLANG_WARN_COMMA = YES;
				CLANG_WARN_CONSTANT_CONVERSION = YES;
				CLANG_WARN_DEPRECATED_OBJC_IMPLEMENTATIONS = YES;
				CLANG_WARN_DIRECT_OBJC_ISA_USAGE = YES_ERROR;
				CLANG_WARN_DOCUMENTATION_COMMENTS = YES;
				CLANG_WARN_EMPTY_BODY = YES;
				CLANG_WARN_ENUM_CONVERSION = YES;
				CLANG_WARN_INFINITE_RECURSION = YES;
				CLANG_WARN_INT_CONVERSION = YES;
				CLANG_WARN_NON_LITERAL_NULL_CONVERSION = YES;
				CLANG_WARN_OBJC_IMPLICIT_RETAIN_SELF = YES;
				CLANG_WARN_OBJC_LITERAL_CONVERSION = YES;
				CLANG_WARN_OBJC_ROOT_CLASS = YES_ERROR;
				CLANG_WARN_QUOTED_INCLUDE_IN_FRAMEWORK_HEADER = YES;
				CLANG_WARN_RANGE_LOOP_ANALYSIS = YES;
				CLANG_WARN_STRICT_PROTOTYPES = YES;
				CLANG_WARN_SUSPICIOUS_MOVE = YES;
				CLANG_WARN_UNGUARDED_AVAILABILITY = YES_AGGRESSIVE;
				CLANG_WARN_UNREACHABLE_CODE = YES;
				CLANG_WARN__DUPLICATE_METHOD_MATCH = YES;
				COPY_PHASE_STRIP = NO;
				DEBUG_INFORMATION_FORMAT = dwarf;
				ENABLE_STRICT_OBJC_MSGSEND = YES;
				ENABLE_TESTABILITY = YES;
				GCC_C_LANGUAGE_STANDARD = gnu11;
				GCC_DYNAMIC_NO_PIC = NO;
				GCC_NO_COMMON_BLOCKS = YES;
				GCC_OPTIMIZATION_LEVEL = 0;
				GCC_PREPROCESSOR_DEFINITIONS = (
					"DEBUG=1",
					"$(inherited)",
				);
				GCC_WARN_64_TO_32_BIT_CONVERSION = YES;
				GCC_WARN_ABOUT_RETURN_TYPE = YES_ERROR;
				GCC_WARN_UNDECLARED_SELECTOR = YES;
				GCC_WARN_UNINITIALIZED_AUTOS = YES_AGGRESSIVE;
				GCC_WARN_UNUSED_FUNCTION = YES;
				GCC_WARN_UNUSED_VARIABLE = YES;
				MTL_ENABLE_DEBUG_INFO = INCLUDE_SOURCE;
				MTL_FAST_MATH = YES;
				ONLY_ACTIVE_ARCH = YES;
				SWIFT_ACTIVE_COMPILATION_CONDITIONS = DEBUG;
				SWIFT_OPTIMIZATION_LEVEL = "-Onone";
			};
			name = Debug;
		};
		617789D22856A1F400BD43D7 /* Release */ = {
			isa = XCBuildConfiguration;
			buildSettings = {
				ALWAYS_SEARCH_USER_PATHS = NO;
				CLANG_ANALYZER_NONNULL = YES;
				CLANG_ANALYZER_NUMBER_OBJECT_CONVERSION = YES_AGGRESSIVE;
				CLANG_CXX_LANGUAGE_STANDARD = "gnu++17";
				CLANG_ENABLE_MODULES = YES;
				CLANG_ENABLE_OBJC_ARC = YES;
				CLANG_ENABLE_OBJC_WEAK = YES;
				CLANG_WARN_BLOCK_CAPTURE_AUTORELEASING = YES;
				CLANG_WARN_BOOL_CONVERSION = YES;
				CLANG_WARN_COMMA = YES;
				CLANG_WARN_CONSTANT_CONVERSION = YES;
				CLANG_WARN_DEPRECATED_OBJC_IMPLEMENTATIONS = YES;
				CLANG_WARN_DIRECT_OBJC_ISA_USAGE = YES_ERROR;
				CLANG_WARN_DOCUMENTATION_COMMENTS = YES;
				CLANG_WARN_EMPTY_BODY = YES;
				CLANG_WARN_ENUM_CONVERSION = YES;
				CLANG_WARN_INFINITE_RECURSION = YES;
				CLANG_WARN_INT_CONVERSION = YES;
				CLANG_WARN_NON_LITERAL_NULL_CONVERSION = YES;
				CLANG_WARN_OBJC_IMPLICIT_RETAIN_SELF = YES;
				CLANG_WARN_OBJC_LITERAL_CONVERSION = YES;
				CLANG_WARN_OBJC_ROOT_CLASS = YES_ERROR;
				CLANG_WARN_QUOTED_INCLUDE_IN_FRAMEWORK_HEADER = YES;
				CLANG_WARN_RANGE_LOOP_ANALYSIS = YES;
				CLANG_WARN_STRICT_PROTOTYPES = YES;
				CLANG_WARN_SUSPICIOUS_MOVE = YES;
				CLANG_WARN_UNGUARDED_AVAILABILITY = YES_AGGRESSIVE;
				CLANG_WARN_UNREACHABLE_CODE = YES;
				CLANG_WARN__DUPLICATE_METHOD_MATCH = YES;
				COPY_PHASE_STRIP = NO;
				DEBUG_INFORMATION_FORMAT = "dwarf-with-dsym";
				ENABLE_NS_ASSERTIONS = NO;
				ENABLE_STRICT_OBJC_MSGSEND = YES;
				GCC_C_LANGUAGE_STANDARD = gnu11;
				GCC_NO_COMMON_BLOCKS = YES;
				GCC_WARN_64_TO_32_BIT_CONVERSION = YES;
				GCC_WARN_ABOUT_RETURN_TYPE = YES_ERROR;
				GCC_WARN_UNDECLARED_SELECTOR = YES;
				GCC_WARN_UNINITIALIZED_AUTOS = YES_AGGRESSIVE;
				GCC_WARN_UNUSED_FUNCTION = YES;
				GCC_WARN_UNUSED_VARIABLE = YES;
				MTL_ENABLE_DEBUG_INFO = NO;
				MTL_FAST_MATH = YES;
				SWIFT_COMPILATION_MODE = wholemodule;
				SWIFT_OPTIMIZATION_LEVEL = "-O";
			};
			name = Release;
		};
		617789D42856A1F400BD43D7 /* Debug */ = {
			isa = XCBuildConfiguration;
			buildSettings = {
				ASSETCATALOG_COMPILER_APPICON_NAME = AppIcon;
				ASSETCATALOG_COMPILER_GLOBAL_ACCENT_COLOR_NAME = AccentColor;
				CODE_SIGN_ENTITLEMENTS = Pomodoro/Pomodoro.entitlements;
				CODE_SIGN_IDENTITY = "Apple Development";
				CODE_SIGN_STYLE = Automatic;
				CURRENT_PROJECT_VERSION = 1;
				DEVELOPMENT_ASSET_PATHS = "\"Pomodoro/Preview Content\"";
				DEVELOPMENT_TEAM = B5RQ2EJVKL;
				ENABLE_HARDENED_RUNTIME = YES;
				ENABLE_PREVIEWS = YES;
				GENERATE_INFOPLIST_FILE = YES;
				"INFOPLIST_KEY_UILaunchScreen_Generation[sdk=iphoneos*]" = YES;
				"INFOPLIST_KEY_UILaunchScreen_Generation[sdk=iphonesimulator*]" = YES;
				INFOPLIST_KEY_UISupportedInterfaceOrientations_iPad = "UIInterfaceOrientationPortrait UIInterfaceOrientationPortraitUpsideDown UIInterfaceOrientationLandscapeLeft UIInterfaceOrientationLandscapeRight";
				INFOPLIST_KEY_UISupportedInterfaceOrientations_iPhone = "UIInterfaceOrientationPortrait UIInterfaceOrientationLandscapeLeft UIInterfaceOrientationLandscapeRight";
				IPHONEOS_DEPLOYMENT_TARGET = 16.0;
				LD_RUNPATH_SEARCH_PATHS = "@executable_path/Frameworks";
				"LD_RUNPATH_SEARCH_PATHS[sdk=macosx*]" = "@executable_path/../Frameworks";
				MACOSX_DEPLOYMENT_TARGET = 13.0;
				MARKETING_VERSION = 1.0;
				PRODUCT_BUNDLE_IDENTIFIER = "com.po-gl.Pomodoro";
				PRODUCT_NAME = "$(TARGET_NAME)";
				PROVISIONING_PROFILE_SPECIFIER = "";
				SDKROOT = auto;
				SUPPORTED_PLATFORMS = "iphoneos iphonesimulator macosx";
				SWIFT_EMIT_LOC_STRINGS = YES;
				SWIFT_VERSION = 5.0;
				TARGETED_DEVICE_FAMILY = "1,2";
			};
			name = Debug;
		};
		617789D52856A1F400BD43D7 /* Release */ = {
			isa = XCBuildConfiguration;
			buildSettings = {
				ASSETCATALOG_COMPILER_APPICON_NAME = AppIcon;
				ASSETCATALOG_COMPILER_GLOBAL_ACCENT_COLOR_NAME = AccentColor;
				CODE_SIGN_ENTITLEMENTS = Pomodoro/Pomodoro.entitlements;
				CODE_SIGN_IDENTITY = "Apple Development";
				CODE_SIGN_STYLE = Automatic;
				CURRENT_PROJECT_VERSION = 1;
				DEVELOPMENT_ASSET_PATHS = "\"Pomodoro/Preview Content\"";
				DEVELOPMENT_TEAM = B5RQ2EJVKL;
				ENABLE_HARDENED_RUNTIME = YES;
				ENABLE_PREVIEWS = YES;
				GENERATE_INFOPLIST_FILE = YES;
				"INFOPLIST_KEY_UILaunchScreen_Generation[sdk=iphoneos*]" = YES;
				"INFOPLIST_KEY_UILaunchScreen_Generation[sdk=iphonesimulator*]" = YES;
				INFOPLIST_KEY_UISupportedInterfaceOrientations_iPad = "UIInterfaceOrientationPortrait UIInterfaceOrientationPortraitUpsideDown UIInterfaceOrientationLandscapeLeft UIInterfaceOrientationLandscapeRight";
				INFOPLIST_KEY_UISupportedInterfaceOrientations_iPhone = "UIInterfaceOrientationPortrait UIInterfaceOrientationLandscapeLeft UIInterfaceOrientationLandscapeRight";
				IPHONEOS_DEPLOYMENT_TARGET = 16.0;
				LD_RUNPATH_SEARCH_PATHS = "@executable_path/Frameworks";
				"LD_RUNPATH_SEARCH_PATHS[sdk=macosx*]" = "@executable_path/../Frameworks";
				MACOSX_DEPLOYMENT_TARGET = 13.0;
				MARKETING_VERSION = 1.0;
				PRODUCT_BUNDLE_IDENTIFIER = "com.po-gl.Pomodoro";
				PRODUCT_NAME = "$(TARGET_NAME)";
				PROVISIONING_PROFILE_SPECIFIER = "";
				SDKROOT = auto;
				SUPPORTED_PLATFORMS = "iphoneos iphonesimulator macosx";
				SWIFT_EMIT_LOC_STRINGS = YES;
				SWIFT_VERSION = 5.0;
				TARGETED_DEVICE_FAMILY = "1,2";
			};
			name = Release;
		};
		617789D72856A1F400BD43D7 /* Debug */ = {
			isa = XCBuildConfiguration;
			buildSettings = {
				ALWAYS_EMBED_SWIFT_STANDARD_LIBRARIES = YES;
				BUNDLE_LOADER = "$(TEST_HOST)";
				CODE_SIGN_STYLE = Automatic;
				CURRENT_PROJECT_VERSION = 1;
				DEVELOPMENT_TEAM = B5RQ2EJVKL;
				GENERATE_INFOPLIST_FILE = YES;
				IPHONEOS_DEPLOYMENT_TARGET = 16.0;
				MACOSX_DEPLOYMENT_TARGET = 13.0;
				MARKETING_VERSION = 1.0;
				PRODUCT_BUNDLE_IDENTIFIER = "com.po-gl.PomodoroTests";
				PRODUCT_NAME = "$(TARGET_NAME)";
				SDKROOT = auto;
				SUPPORTED_PLATFORMS = "iphoneos iphonesimulator macosx";
				SWIFT_EMIT_LOC_STRINGS = NO;
				SWIFT_VERSION = 5.0;
				TARGETED_DEVICE_FAMILY = "1,2";
				TEST_HOST = "$(BUILT_PRODUCTS_DIR)/Pomodoro.app/$(BUNDLE_EXECUTABLE_FOLDER_PATH)/Pomodoro";
			};
			name = Debug;
		};
		617789D82856A1F400BD43D7 /* Release */ = {
			isa = XCBuildConfiguration;
			buildSettings = {
				ALWAYS_EMBED_SWIFT_STANDARD_LIBRARIES = YES;
				BUNDLE_LOADER = "$(TEST_HOST)";
				CODE_SIGN_STYLE = Automatic;
				CURRENT_PROJECT_VERSION = 1;
				DEVELOPMENT_TEAM = B5RQ2EJVKL;
				GENERATE_INFOPLIST_FILE = YES;
				IPHONEOS_DEPLOYMENT_TARGET = 16.0;
				MACOSX_DEPLOYMENT_TARGET = 13.0;
				MARKETING_VERSION = 1.0;
				PRODUCT_BUNDLE_IDENTIFIER = "com.po-gl.PomodoroTests";
				PRODUCT_NAME = "$(TARGET_NAME)";
				SDKROOT = auto;
				SUPPORTED_PLATFORMS = "iphoneos iphonesimulator macosx";
				SWIFT_EMIT_LOC_STRINGS = NO;
				SWIFT_VERSION = 5.0;
				TARGETED_DEVICE_FAMILY = "1,2";
				TEST_HOST = "$(BUILT_PRODUCTS_DIR)/Pomodoro.app/$(BUNDLE_EXECUTABLE_FOLDER_PATH)/Pomodoro";
			};
			name = Release;
		};
		617789DA2856A1F400BD43D7 /* Debug */ = {
			isa = XCBuildConfiguration;
			buildSettings = {
				ALWAYS_EMBED_SWIFT_STANDARD_LIBRARIES = YES;
				CODE_SIGN_STYLE = Automatic;
				CURRENT_PROJECT_VERSION = 1;
				DEVELOPMENT_TEAM = B5RQ2EJVKL;
				GENERATE_INFOPLIST_FILE = YES;
				IPHONEOS_DEPLOYMENT_TARGET = 16.0;
				MACOSX_DEPLOYMENT_TARGET = 13.0;
				MARKETING_VERSION = 1.0;
				PRODUCT_BUNDLE_IDENTIFIER = "com.po-gl.PomodoroUITests";
				PRODUCT_NAME = "$(TARGET_NAME)";
				SDKROOT = auto;
				SUPPORTED_PLATFORMS = "iphoneos iphonesimulator macosx";
				SWIFT_EMIT_LOC_STRINGS = NO;
				SWIFT_VERSION = 5.0;
				TARGETED_DEVICE_FAMILY = "1,2";
				TEST_TARGET_NAME = Pomodoro;
			};
			name = Debug;
		};
		617789DB2856A1F400BD43D7 /* Release */ = {
			isa = XCBuildConfiguration;
			buildSettings = {
				ALWAYS_EMBED_SWIFT_STANDARD_LIBRARIES = YES;
				CODE_SIGN_STYLE = Automatic;
				CURRENT_PROJECT_VERSION = 1;
				DEVELOPMENT_TEAM = B5RQ2EJVKL;
				GENERATE_INFOPLIST_FILE = YES;
				IPHONEOS_DEPLOYMENT_TARGET = 16.0;
				MACOSX_DEPLOYMENT_TARGET = 13.0;
				MARKETING_VERSION = 1.0;
				PRODUCT_BUNDLE_IDENTIFIER = "com.po-gl.PomodoroUITests";
				PRODUCT_NAME = "$(TARGET_NAME)";
				SDKROOT = auto;
				SUPPORTED_PLATFORMS = "iphoneos iphonesimulator macosx";
				SWIFT_EMIT_LOC_STRINGS = NO;
				SWIFT_VERSION = 5.0;
				TARGETED_DEVICE_FAMILY = "1,2";
				TEST_TARGET_NAME = Pomodoro;
			};
			name = Release;
		};
/* End XCBuildConfiguration section */

/* Begin XCConfigurationList section */
		617789A92856A1F300BD43D7 /* Build configuration list for PBXProject "Pomodoro" */ = {
			isa = XCConfigurationList;
			buildConfigurations = (
				617789D12856A1F400BD43D7 /* Debug */,
				617789D22856A1F400BD43D7 /* Release */,
			);
			defaultConfigurationIsVisible = 0;
			defaultConfigurationName = Release;
		};
		617789D32856A1F400BD43D7 /* Build configuration list for PBXNativeTarget "Pomodoro" */ = {
			isa = XCConfigurationList;
			buildConfigurations = (
				617789D42856A1F400BD43D7 /* Debug */,
				617789D52856A1F400BD43D7 /* Release */,
			);
			defaultConfigurationIsVisible = 0;
			defaultConfigurationName = Release;
		};
		617789D62856A1F400BD43D7 /* Build configuration list for PBXNativeTarget "PomodoroTests" */ = {
			isa = XCConfigurationList;
			buildConfigurations = (
				617789D72856A1F400BD43D7 /* Debug */,
				617789D82856A1F400BD43D7 /* Release */,
			);
			defaultConfigurationIsVisible = 0;
			defaultConfigurationName = Release;
		};
		617789D92856A1F400BD43D7 /* Build configuration list for PBXNativeTarget "PomodoroUITests" */ = {
			isa = XCConfigurationList;
			buildConfigurations = (
				617789DA2856A1F400BD43D7 /* Debug */,
				617789DB2856A1F400BD43D7 /* Release */,
			);
			defaultConfigurationIsVisible = 0;
			defaultConfigurationName = Release;
		};
/* End XCConfigurationList section */
	};
	rootObject = 617789A62856A1F300BD43D7 /* Project object */;
}
